
Microsoft Visual Studio Solution File, Format Version 12.00
# Visual Studio Version 16
VisualStudioVersion = 16.0.29509.3
MinimumVisualStudioVersion = 10.0.40219.1
Project("{9A19103F-16F7-4668-BE54-9A1E7A4F7556}") = "FL.WebAPI.Core.Users", "FL.WebAPI.Core.Users\FL.WebAPI.Core.Users.csproj", "{7F7462AB-DAC9-4364-9852-C6A4AFE00BDB}"
EndProject
Project("{2150E333-8FDC-42A3-9474-1A3956D46DE8}") = "2.Users", "2.Users", "{AC160241-C0C5-4D7E-8E4B-A4BEDCB1D039}"
EndProject
Project("{9A19103F-16F7-4668-BE54-9A1E7A4F7556}") = "FL.User.EF.Migration", "FL.User.EF.Migration\FL.User.EF.Migration.csproj", "{3633208C-8F3D-4482-B7E1-37D7E898694F}"
EndProject
Project("{2150E333-8FDC-42A3-9474-1A3956D46DE8}") = "2.Posts", "2.Posts", "{B8617FEF-46DE-4971-BBC4-7D1390FB12E8}"
EndProject
Project("{2150E333-8FDC-42A3-9474-1A3956D46DE8}") = "0.Framework", "0.Framework", "{97D84D59-7D02-4CD9-BE5B-A3445E3C4BEC}"
EndProject
Project("{9A19103F-16F7-4668-BE54-9A1E7A4F7556}") = "FL.Logging.Implementation.Standard", "..\Framework\FL.Logging.Implementation.Standard\FL.Logging.Implementation.Standard.csproj", "{0EFF57AA-4C7D-4153-8CEA-BA2C8E79AFFC}"
EndProject
Project("{9A19103F-16F7-4668-BE54-9A1E7A4F7556}") = "FL.LogTrace.Contracts.Standard", "..\Framework\FL.LogTrace.Contracts.Standard\FL.LogTrace.Contracts.Standard.csproj", "{1712B1E9-AD22-4EF5-A8C9-0540CED95DC3}"
EndProject
Project("{2150E333-8FDC-42A3-9474-1A3956D46DE8}") = "Logger", "Logger", "{FFDFF55D-7F19-4F6B-9EB3-CBB84E3C1390}"
EndProject
Project("{2150E333-8FDC-42A3-9474-1A3956D46DE8}") = "Email", "Email", "{FA887AF0-62B9-42B4-9732-A757A987C948}"
EndProject
Project("{9A19103F-16F7-4668-BE54-9A1E7A4F7556}") = "FL.Sendgrid.Implementation.Standard", "..\Framework\FL.Sendgrid.Implementation.Standard\FL.Sendgrid.Implementation.Standard.csproj", "{F62CA349-7519-4E83-A54C-96C0CC86525F}"
EndProject
Project("{9A19103F-16F7-4668-BE54-9A1E7A4F7556}") = "FL.Mailing.Contracts.Standard", "..\Framework\FL.Mailing.Contracts.Standard\FL.Mailing.Contracts.Standard.csproj", "{B366015E-A3AA-491B-A56F-6217E8FE8AB4}"
EndProject
Project("{2150E333-8FDC-42A3-9474-1A3956D46DE8}") = "1.Functions", "1.Functions", "{2C887A36-C61E-41F6-846A-92C4A0BA1790}"
EndProject
Project("{2150E333-8FDC-42A3-9474-1A3956D46DE8}") = "Infrastructure", "Infrastructure", "{4CA28DED-4821-473B-9D71-765C5C46E384}"
EndProject
Project("{9A19103F-16F7-4668-BE54-9A1E7A4F7556}") = "FL.ServiceBus.Standard", "..\Framework\FL.ServiceBus.Standard\FL.ServiceBus.Standard.csproj", "{1DA19BBF-64D9-4D31-9563-C62DDE8871AE}"
EndProject
Project("{9A19103F-16F7-4668-BE54-9A1E7A4F7556}") = "FL.CosmosDb.Standard", "..\Framework\FL.CosmosDb.Standard\FL.CosmosDb.Standard.csproj", "{E3671825-CFB7-47DE-8DAF-33C3B8E98F07}"
EndProject
Project("{9A19103F-16F7-4668-BE54-9A1E7A4F7556}") = "FL.Cache.Standard", "..\Framework\FL.Cache.Standard\FL.Cache.Standard.csproj", "{01D10AAC-8D23-4B39-AF39-6AE24A82614C}"
EndProject
Project("{9A19103F-16F7-4668-BE54-9A1E7A4F7556}") = "FL.Functions.UserPost", "FL.Functions.UserPost\FL.Functions.UserPost.csproj", "{F77E79F8-AF34-4FF5-A8C6-882AD6244B9A}"
EndProject
Project("{9A19103F-16F7-4668-BE54-9A1E7A4F7556}") = "FL.Web.API.Core.Post.Interactions", "FL.Web.API.Core.Post.Interactions\FL.Web.API.Core.Post.Interactions.csproj", "{59D6F875-169F-4A55-B4B5-5D1ED6D59385}"
EndProject
Project("{9A19103F-16F7-4668-BE54-9A1E7A4F7556}") = "FL.Functions.UserInteractions", "FL.Functions.UserInteractions\FL.Functions.UserInteractions.csproj", "{B5D40D10-443A-407D-BF54-DADBCF7D430C}"
EndProject
Project("{9A19103F-16F7-4668-BE54-9A1E7A4F7556}") = "FL.Web.API.Core.User.Interactions", "FL.Web.API.Core.User.Interactions\FL.Web.API.Core.User.Interactions.csproj", "{5A6542E5-3FD9-45AB-A55E-F851D382EBCE}"
EndProject
Project("{9A19103F-16F7-4668-BE54-9A1E7A4F7556}") = "FL.Pereza.Helpers.Standard", "FL.Pereza.Helpers.Standard\FL.Pereza.Helpers.Standard.csproj", "{753E5055-C318-419F-BD95-DD92317FC0BB}"
EndProject
Project("{9A19103F-16F7-4668-BE54-9A1E7A4F7556}") = "FL.DependencyInjection.Standard", "..\Framework\FL.DependencyInjection.Standard\FL.DependencyInjection.Standard.csproj", "{BC28D735-61C5-47A3-949D-DBDB6310A1D6}"
EndProject
Project("{2150E333-8FDC-42A3-9474-1A3956D46DE8}") = "2.Data", "2.Data", "{B011F062-91CC-4C7D-B34F-3651EF6DAF72}"
EndProject
Project("{9A19103F-16F7-4668-BE54-9A1E7A4F7556}") = "FL.Web.API.Core.ExternalData", "FL.Web.API.Core.ExternalData\FL.Web.API.Core.ExternalData.csproj", "{D14D10D7-9529-4CDE-AB3A-E117824620A6}"
EndProject
Project("{9A19103F-16F7-4668-BE54-9A1E7A4F7556}") = "FL.Functions.SpeciePost", "FL.Functions.SpeciePost\FL.Functions.SpeciePost.csproj", "{42910906-BFE9-4D82-93C9-9F2C590D515E}"
EndProject
Project("{9A19103F-16F7-4668-BE54-9A1E7A4F7556}") = "FL.WebAPI.Core.Posts", "FL.WebAPI.Core.Posts\FL.WebAPI.Core.Posts.csproj", "{54B1ED31-58D5-404E-AD60-2F9240C861FF}"
EndProject
Project("{9A19103F-16F7-4668-BE54-9A1E7A4F7556}") = "FL.WebAPI.Core.Searchs", "FL.WebAPI.Core.Searchs\FL.WebAPI.Core.Searchs.csproj", "{6DB071E7-0E4B-44D5-A75E-B61010CD955D}"
EndProject
Project("{9A19103F-16F7-4668-BE54-9A1E7A4F7556}") = "FL.BlobContainer.Standard", "..\Framework\FLBlobContainer.Standard\FL.BlobContainer.Standard.csproj", "{5FAB389D-7A66-4EC3-821A-31D0D7664984}"
EndProject
Project("{2150E333-8FDC-42A3-9474-1A3956D46DE8}") = "Account", "Account", "{6B841AC8-E631-448C-82FB-E50664BB942F}"
EndProject
Project("{FAE04EC0-301F-11D3-BF4B-00C04F79EFBC}") = "FL.WebAPI.Core.Account", "FL.WebAPI.Core.Account\FL.WebAPI.Core.Account.csproj", "{DB737B42-FF71-4F95-9296-B631535015FC}"
EndProject
Global
	GlobalSection(SolutionConfigurationPlatforms) = preSolution
		Debug|Any CPU = Debug|Any CPU
		Development|Any CPU = Development|Any CPU
		Prod|Any CPU = Prod|Any CPU
		QA|Any CPU = QA|Any CPU
		Release|Any CPU = Release|Any CPU
	EndGlobalSection
	GlobalSection(ProjectConfigurationPlatforms) = postSolution
		{7F7462AB-DAC9-4364-9852-C6A4AFE00BDB}.Debug|Any CPU.ActiveCfg = Debug|Any CPU
		{7F7462AB-DAC9-4364-9852-C6A4AFE00BDB}.Debug|Any CPU.Build.0 = Debug|Any CPU
		{7F7462AB-DAC9-4364-9852-C6A4AFE00BDB}.Development|Any CPU.ActiveCfg = Debug|Any CPU
		{7F7462AB-DAC9-4364-9852-C6A4AFE00BDB}.Development|Any CPU.Build.0 = Debug|Any CPU
		{7F7462AB-DAC9-4364-9852-C6A4AFE00BDB}.Prod|Any CPU.ActiveCfg = Prod|Any CPU
		{7F7462AB-DAC9-4364-9852-C6A4AFE00BDB}.Prod|Any CPU.Build.0 = Prod|Any CPU
		{7F7462AB-DAC9-4364-9852-C6A4AFE00BDB}.QA|Any CPU.ActiveCfg = QA|Any CPU
		{7F7462AB-DAC9-4364-9852-C6A4AFE00BDB}.QA|Any CPU.Build.0 = QA|Any CPU
		{7F7462AB-DAC9-4364-9852-C6A4AFE00BDB}.Release|Any CPU.ActiveCfg = Release|Any CPU
		{7F7462AB-DAC9-4364-9852-C6A4AFE00BDB}.Release|Any CPU.Build.0 = Release|Any CPU
		{3633208C-8F3D-4482-B7E1-37D7E898694F}.Debug|Any CPU.ActiveCfg = Debug|Any CPU
		{3633208C-8F3D-4482-B7E1-37D7E898694F}.Debug|Any CPU.Build.0 = Debug|Any CPU
		{3633208C-8F3D-4482-B7E1-37D7E898694F}.Development|Any CPU.ActiveCfg = Debug|Any CPU
		{3633208C-8F3D-4482-B7E1-37D7E898694F}.Development|Any CPU.Build.0 = Debug|Any CPU
		{3633208C-8F3D-4482-B7E1-37D7E898694F}.Prod|Any CPU.ActiveCfg = Prod|Any CPU
		{3633208C-8F3D-4482-B7E1-37D7E898694F}.Prod|Any CPU.Build.0 = Prod|Any CPU
		{3633208C-8F3D-4482-B7E1-37D7E898694F}.QA|Any CPU.ActiveCfg = QA|Any CPU
		{3633208C-8F3D-4482-B7E1-37D7E898694F}.QA|Any CPU.Build.0 = QA|Any CPU
		{3633208C-8F3D-4482-B7E1-37D7E898694F}.Release|Any CPU.ActiveCfg = Release|Any CPU
		{3633208C-8F3D-4482-B7E1-37D7E898694F}.Release|Any CPU.Build.0 = Release|Any CPU
		{0EFF57AA-4C7D-4153-8CEA-BA2C8E79AFFC}.Debug|Any CPU.ActiveCfg = Debug|Any CPU
		{0EFF57AA-4C7D-4153-8CEA-BA2C8E79AFFC}.Debug|Any CPU.Build.0 = Debug|Any CPU
		{0EFF57AA-4C7D-4153-8CEA-BA2C8E79AFFC}.Development|Any CPU.ActiveCfg = Debug|Any CPU
		{0EFF57AA-4C7D-4153-8CEA-BA2C8E79AFFC}.Development|Any CPU.Build.0 = Debug|Any CPU
		{0EFF57AA-4C7D-4153-8CEA-BA2C8E79AFFC}.Prod|Any CPU.ActiveCfg = Prod|Any CPU
		{0EFF57AA-4C7D-4153-8CEA-BA2C8E79AFFC}.Prod|Any CPU.Build.0 = Prod|Any CPU
		{0EFF57AA-4C7D-4153-8CEA-BA2C8E79AFFC}.QA|Any CPU.ActiveCfg = QA|Any CPU
		{0EFF57AA-4C7D-4153-8CEA-BA2C8E79AFFC}.QA|Any CPU.Build.0 = QA|Any CPU
		{0EFF57AA-4C7D-4153-8CEA-BA2C8E79AFFC}.Release|Any CPU.ActiveCfg = Release|Any CPU
		{0EFF57AA-4C7D-4153-8CEA-BA2C8E79AFFC}.Release|Any CPU.Build.0 = Release|Any CPU
		{1712B1E9-AD22-4EF5-A8C9-0540CED95DC3}.Debug|Any CPU.ActiveCfg = Debug|Any CPU
		{1712B1E9-AD22-4EF5-A8C9-0540CED95DC3}.Debug|Any CPU.Build.0 = Debug|Any CPU
		{1712B1E9-AD22-4EF5-A8C9-0540CED95DC3}.Development|Any CPU.ActiveCfg = Debug|Any CPU
		{1712B1E9-AD22-4EF5-A8C9-0540CED95DC3}.Development|Any CPU.Build.0 = Debug|Any CPU
		{1712B1E9-AD22-4EF5-A8C9-0540CED95DC3}.Prod|Any CPU.ActiveCfg = Prod|Any CPU
		{1712B1E9-AD22-4EF5-A8C9-0540CED95DC3}.Prod|Any CPU.Build.0 = Prod|Any CPU
		{1712B1E9-AD22-4EF5-A8C9-0540CED95DC3}.QA|Any CPU.ActiveCfg = QA|Any CPU
		{1712B1E9-AD22-4EF5-A8C9-0540CED95DC3}.QA|Any CPU.Build.0 = QA|Any CPU
		{1712B1E9-AD22-4EF5-A8C9-0540CED95DC3}.Release|Any CPU.ActiveCfg = Release|Any CPU
		{1712B1E9-AD22-4EF5-A8C9-0540CED95DC3}.Release|Any CPU.Build.0 = Release|Any CPU
		{F62CA349-7519-4E83-A54C-96C0CC86525F}.Debug|Any CPU.ActiveCfg = Debug|Any CPU
		{F62CA349-7519-4E83-A54C-96C0CC86525F}.Debug|Any CPU.Build.0 = Debug|Any CPU
		{F62CA349-7519-4E83-A54C-96C0CC86525F}.Development|Any CPU.ActiveCfg = Debug|Any CPU
		{F62CA349-7519-4E83-A54C-96C0CC86525F}.Development|Any CPU.Build.0 = Debug|Any CPU
		{F62CA349-7519-4E83-A54C-96C0CC86525F}.Prod|Any CPU.ActiveCfg = Debug|Any CPU
		{F62CA349-7519-4E83-A54C-96C0CC86525F}.Prod|Any CPU.Build.0 = Debug|Any CPU
		{F62CA349-7519-4E83-A54C-96C0CC86525F}.QA|Any CPU.ActiveCfg = Debug|Any CPU
		{F62CA349-7519-4E83-A54C-96C0CC86525F}.QA|Any CPU.Build.0 = Debug|Any CPU
		{F62CA349-7519-4E83-A54C-96C0CC86525F}.Release|Any CPU.ActiveCfg = Release|Any CPU
		{F62CA349-7519-4E83-A54C-96C0CC86525F}.Release|Any CPU.Build.0 = Release|Any CPU
		{B366015E-A3AA-491B-A56F-6217E8FE8AB4}.Debug|Any CPU.ActiveCfg = Debug|Any CPU
		{B366015E-A3AA-491B-A56F-6217E8FE8AB4}.Debug|Any CPU.Build.0 = Debug|Any CPU
		{B366015E-A3AA-491B-A56F-6217E8FE8AB4}.Development|Any CPU.ActiveCfg = Debug|Any CPU
		{B366015E-A3AA-491B-A56F-6217E8FE8AB4}.Development|Any CPU.Build.0 = Debug|Any CPU
		{B366015E-A3AA-491B-A56F-6217E8FE8AB4}.Prod|Any CPU.ActiveCfg = Debug|Any CPU
		{B366015E-A3AA-491B-A56F-6217E8FE8AB4}.Prod|Any CPU.Build.0 = Debug|Any CPU
		{B366015E-A3AA-491B-A56F-6217E8FE8AB4}.QA|Any CPU.ActiveCfg = Debug|Any CPU
		{B366015E-A3AA-491B-A56F-6217E8FE8AB4}.QA|Any CPU.Build.0 = Debug|Any CPU
		{B366015E-A3AA-491B-A56F-6217E8FE8AB4}.Release|Any CPU.ActiveCfg = Release|Any CPU
		{B366015E-A3AA-491B-A56F-6217E8FE8AB4}.Release|Any CPU.Build.0 = Release|Any CPU
		{1DA19BBF-64D9-4D31-9563-C62DDE8871AE}.Debug|Any CPU.ActiveCfg = Debug|Any CPU
		{1DA19BBF-64D9-4D31-9563-C62DDE8871AE}.Debug|Any CPU.Build.0 = Debug|Any CPU
		{1DA19BBF-64D9-4D31-9563-C62DDE8871AE}.Development|Any CPU.ActiveCfg = Debug|Any CPU
		{1DA19BBF-64D9-4D31-9563-C62DDE8871AE}.Development|Any CPU.Build.0 = Debug|Any CPU
		{1DA19BBF-64D9-4D31-9563-C62DDE8871AE}.Prod|Any CPU.ActiveCfg = Debug|Any CPU
		{1DA19BBF-64D9-4D31-9563-C62DDE8871AE}.Prod|Any CPU.Build.0 = Debug|Any CPU
		{1DA19BBF-64D9-4D31-9563-C62DDE8871AE}.QA|Any CPU.ActiveCfg = Debug|Any CPU
		{1DA19BBF-64D9-4D31-9563-C62DDE8871AE}.QA|Any CPU.Build.0 = Debug|Any CPU
		{1DA19BBF-64D9-4D31-9563-C62DDE8871AE}.Release|Any CPU.ActiveCfg = Release|Any CPU
		{1DA19BBF-64D9-4D31-9563-C62DDE8871AE}.Release|Any CPU.Build.0 = Release|Any CPU
		{E3671825-CFB7-47DE-8DAF-33C3B8E98F07}.Debug|Any CPU.ActiveCfg = Debug|Any CPU
		{E3671825-CFB7-47DE-8DAF-33C3B8E98F07}.Debug|Any CPU.Build.0 = Debug|Any CPU
		{E3671825-CFB7-47DE-8DAF-33C3B8E98F07}.Development|Any CPU.ActiveCfg = Debug|Any CPU
		{E3671825-CFB7-47DE-8DAF-33C3B8E98F07}.Development|Any CPU.Build.0 = Debug|Any CPU
		{E3671825-CFB7-47DE-8DAF-33C3B8E98F07}.Prod|Any CPU.ActiveCfg = Debug|Any CPU
		{E3671825-CFB7-47DE-8DAF-33C3B8E98F07}.Prod|Any CPU.Build.0 = Debug|Any CPU
		{E3671825-CFB7-47DE-8DAF-33C3B8E98F07}.QA|Any CPU.ActiveCfg = Debug|Any CPU
		{E3671825-CFB7-47DE-8DAF-33C3B8E98F07}.QA|Any CPU.Build.0 = Debug|Any CPU
		{E3671825-CFB7-47DE-8DAF-33C3B8E98F07}.Release|Any CPU.ActiveCfg = Release|Any CPU
		{E3671825-CFB7-47DE-8DAF-33C3B8E98F07}.Release|Any CPU.Build.0 = Release|Any CPU
		{01D10AAC-8D23-4B39-AF39-6AE24A82614C}.Debug|Any CPU.ActiveCfg = Debug|Any CPU
		{01D10AAC-8D23-4B39-AF39-6AE24A82614C}.Debug|Any CPU.Build.0 = Debug|Any CPU
		{01D10AAC-8D23-4B39-AF39-6AE24A82614C}.Development|Any CPU.ActiveCfg = Debug|Any CPU
		{01D10AAC-8D23-4B39-AF39-6AE24A82614C}.Development|Any CPU.Build.0 = Debug|Any CPU
		{01D10AAC-8D23-4B39-AF39-6AE24A82614C}.Prod|Any CPU.ActiveCfg = Debug|Any CPU
		{01D10AAC-8D23-4B39-AF39-6AE24A82614C}.Prod|Any CPU.Build.0 = Debug|Any CPU
		{01D10AAC-8D23-4B39-AF39-6AE24A82614C}.QA|Any CPU.ActiveCfg = Debug|Any CPU
		{01D10AAC-8D23-4B39-AF39-6AE24A82614C}.QA|Any CPU.Build.0 = Debug|Any CPU
		{01D10AAC-8D23-4B39-AF39-6AE24A82614C}.Release|Any CPU.ActiveCfg = Release|Any CPU
		{01D10AAC-8D23-4B39-AF39-6AE24A82614C}.Release|Any CPU.Build.0 = Release|Any CPU
		{F77E79F8-AF34-4FF5-A8C6-882AD6244B9A}.Debug|Any CPU.ActiveCfg = Debug|Any CPU
		{F77E79F8-AF34-4FF5-A8C6-882AD6244B9A}.Debug|Any CPU.Build.0 = Debug|Any CPU
		{F77E79F8-AF34-4FF5-A8C6-882AD6244B9A}.Development|Any CPU.ActiveCfg = Debug|Any CPU
		{F77E79F8-AF34-4FF5-A8C6-882AD6244B9A}.Development|Any CPU.Build.0 = Debug|Any CPU
		{F77E79F8-AF34-4FF5-A8C6-882AD6244B9A}.Prod|Any CPU.ActiveCfg = Debug|Any CPU
		{F77E79F8-AF34-4FF5-A8C6-882AD6244B9A}.Prod|Any CPU.Build.0 = Debug|Any CPU
		{F77E79F8-AF34-4FF5-A8C6-882AD6244B9A}.QA|Any CPU.ActiveCfg = Debug|Any CPU
		{F77E79F8-AF34-4FF5-A8C6-882AD6244B9A}.QA|Any CPU.Build.0 = Debug|Any CPU
		{F77E79F8-AF34-4FF5-A8C6-882AD6244B9A}.Release|Any CPU.ActiveCfg = Release|Any CPU
		{F77E79F8-AF34-4FF5-A8C6-882AD6244B9A}.Release|Any CPU.Build.0 = Release|Any CPU
		{59D6F875-169F-4A55-B4B5-5D1ED6D59385}.Debug|Any CPU.ActiveCfg = Debug|Any CPU
		{59D6F875-169F-4A55-B4B5-5D1ED6D59385}.Debug|Any CPU.Build.0 = Debug|Any CPU
		{59D6F875-169F-4A55-B4B5-5D1ED6D59385}.Development|Any CPU.ActiveCfg = Debug|Any CPU
		{59D6F875-169F-4A55-B4B5-5D1ED6D59385}.Development|Any CPU.Build.0 = Debug|Any CPU
		{59D6F875-169F-4A55-B4B5-5D1ED6D59385}.Prod|Any CPU.ActiveCfg = Debug|Any CPU
		{59D6F875-169F-4A55-B4B5-5D1ED6D59385}.Prod|Any CPU.Build.0 = Debug|Any CPU
		{59D6F875-169F-4A55-B4B5-5D1ED6D59385}.QA|Any CPU.ActiveCfg = Debug|Any CPU
		{59D6F875-169F-4A55-B4B5-5D1ED6D59385}.QA|Any CPU.Build.0 = Debug|Any CPU
		{59D6F875-169F-4A55-B4B5-5D1ED6D59385}.Release|Any CPU.ActiveCfg = Release|Any CPU
		{59D6F875-169F-4A55-B4B5-5D1ED6D59385}.Release|Any CPU.Build.0 = Release|Any CPU
		{B5D40D10-443A-407D-BF54-DADBCF7D430C}.Debug|Any CPU.ActiveCfg = Debug|Any CPU
		{B5D40D10-443A-407D-BF54-DADBCF7D430C}.Debug|Any CPU.Build.0 = Debug|Any CPU
		{B5D40D10-443A-407D-BF54-DADBCF7D430C}.Development|Any CPU.ActiveCfg = Debug|Any CPU
		{B5D40D10-443A-407D-BF54-DADBCF7D430C}.Development|Any CPU.Build.0 = Debug|Any CPU
		{B5D40D10-443A-407D-BF54-DADBCF7D430C}.Prod|Any CPU.ActiveCfg = Debug|Any CPU
		{B5D40D10-443A-407D-BF54-DADBCF7D430C}.Prod|Any CPU.Build.0 = Debug|Any CPU
		{B5D40D10-443A-407D-BF54-DADBCF7D430C}.QA|Any CPU.ActiveCfg = Debug|Any CPU
		{B5D40D10-443A-407D-BF54-DADBCF7D430C}.QA|Any CPU.Build.0 = Debug|Any CPU
		{B5D40D10-443A-407D-BF54-DADBCF7D430C}.Release|Any CPU.ActiveCfg = Release|Any CPU
		{B5D40D10-443A-407D-BF54-DADBCF7D430C}.Release|Any CPU.Build.0 = Release|Any CPU
		{5A6542E5-3FD9-45AB-A55E-F851D382EBCE}.Debug|Any CPU.ActiveCfg = Debug|Any CPU
		{5A6542E5-3FD9-45AB-A55E-F851D382EBCE}.Debug|Any CPU.Build.0 = Debug|Any CPU
		{5A6542E5-3FD9-45AB-A55E-F851D382EBCE}.Development|Any CPU.ActiveCfg = Debug|Any CPU
		{5A6542E5-3FD9-45AB-A55E-F851D382EBCE}.Development|Any CPU.Build.0 = Debug|Any CPU
		{5A6542E5-3FD9-45AB-A55E-F851D382EBCE}.Prod|Any CPU.ActiveCfg = Debug|Any CPU
		{5A6542E5-3FD9-45AB-A55E-F851D382EBCE}.Prod|Any CPU.Build.0 = Debug|Any CPU
		{5A6542E5-3FD9-45AB-A55E-F851D382EBCE}.QA|Any CPU.ActiveCfg = Debug|Any CPU
		{5A6542E5-3FD9-45AB-A55E-F851D382EBCE}.QA|Any CPU.Build.0 = Debug|Any CPU
		{5A6542E5-3FD9-45AB-A55E-F851D382EBCE}.Release|Any CPU.ActiveCfg = Release|Any CPU
		{5A6542E5-3FD9-45AB-A55E-F851D382EBCE}.Release|Any CPU.Build.0 = Release|Any CPU
		{753E5055-C318-419F-BD95-DD92317FC0BB}.Debug|Any CPU.ActiveCfg = Debug|Any CPU
		{753E5055-C318-419F-BD95-DD92317FC0BB}.Debug|Any CPU.Build.0 = Debug|Any CPU
		{753E5055-C318-419F-BD95-DD92317FC0BB}.Development|Any CPU.ActiveCfg = Debug|Any CPU
		{753E5055-C318-419F-BD95-DD92317FC0BB}.Development|Any CPU.Build.0 = Debug|Any CPU
		{753E5055-C318-419F-BD95-DD92317FC0BB}.Prod|Any CPU.ActiveCfg = Debug|Any CPU
		{753E5055-C318-419F-BD95-DD92317FC0BB}.Prod|Any CPU.Build.0 = Debug|Any CPU
		{753E5055-C318-419F-BD95-DD92317FC0BB}.QA|Any CPU.ActiveCfg = Debug|Any CPU
		{753E5055-C318-419F-BD95-DD92317FC0BB}.QA|Any CPU.Build.0 = Debug|Any CPU
		{753E5055-C318-419F-BD95-DD92317FC0BB}.Release|Any CPU.ActiveCfg = Release|Any CPU
		{753E5055-C318-419F-BD95-DD92317FC0BB}.Release|Any CPU.Build.0 = Release|Any CPU
		{BC28D735-61C5-47A3-949D-DBDB6310A1D6}.Debug|Any CPU.ActiveCfg = Debug|Any CPU
		{BC28D735-61C5-47A3-949D-DBDB6310A1D6}.Debug|Any CPU.Build.0 = Debug|Any CPU
		{BC28D735-61C5-47A3-949D-DBDB6310A1D6}.Development|Any CPU.ActiveCfg = Debug|Any CPU
		{BC28D735-61C5-47A3-949D-DBDB6310A1D6}.Development|Any CPU.Build.0 = Debug|Any CPU
		{BC28D735-61C5-47A3-949D-DBDB6310A1D6}.Prod|Any CPU.ActiveCfg = Debug|Any CPU
		{BC28D735-61C5-47A3-949D-DBDB6310A1D6}.Prod|Any CPU.Build.0 = Debug|Any CPU
		{BC28D735-61C5-47A3-949D-DBDB6310A1D6}.QA|Any CPU.ActiveCfg = Debug|Any CPU
		{BC28D735-61C5-47A3-949D-DBDB6310A1D6}.QA|Any CPU.Build.0 = Debug|Any CPU
		{BC28D735-61C5-47A3-949D-DBDB6310A1D6}.Release|Any CPU.ActiveCfg = Release|Any CPU
		{BC28D735-61C5-47A3-949D-DBDB6310A1D6}.Release|Any CPU.Build.0 = Release|Any CPU
		{D14D10D7-9529-4CDE-AB3A-E117824620A6}.Debug|Any CPU.ActiveCfg = Debug|Any CPU
		{D14D10D7-9529-4CDE-AB3A-E117824620A6}.Debug|Any CPU.Build.0 = Debug|Any CPU
		{D14D10D7-9529-4CDE-AB3A-E117824620A6}.Development|Any CPU.ActiveCfg = Debug|Any CPU
		{D14D10D7-9529-4CDE-AB3A-E117824620A6}.Development|Any CPU.Build.0 = Debug|Any CPU
		{D14D10D7-9529-4CDE-AB3A-E117824620A6}.Prod|Any CPU.ActiveCfg = Debug|Any CPU
		{D14D10D7-9529-4CDE-AB3A-E117824620A6}.Prod|Any CPU.Build.0 = Debug|Any CPU
		{D14D10D7-9529-4CDE-AB3A-E117824620A6}.QA|Any CPU.ActiveCfg = Debug|Any CPU
		{D14D10D7-9529-4CDE-AB3A-E117824620A6}.QA|Any CPU.Build.0 = Debug|Any CPU
		{D14D10D7-9529-4CDE-AB3A-E117824620A6}.Release|Any CPU.ActiveCfg = Release|Any CPU
		{D14D10D7-9529-4CDE-AB3A-E117824620A6}.Release|Any CPU.Build.0 = Release|Any CPU
		{42910906-BFE9-4D82-93C9-9F2C590D515E}.Debug|Any CPU.ActiveCfg = Debug|Any CPU
		{42910906-BFE9-4D82-93C9-9F2C590D515E}.Debug|Any CPU.Build.0 = Debug|Any CPU
		{42910906-BFE9-4D82-93C9-9F2C590D515E}.Development|Any CPU.ActiveCfg = Debug|Any CPU
		{42910906-BFE9-4D82-93C9-9F2C590D515E}.Development|Any CPU.Build.0 = Debug|Any CPU
		{42910906-BFE9-4D82-93C9-9F2C590D515E}.Prod|Any CPU.ActiveCfg = Debug|Any CPU
		{42910906-BFE9-4D82-93C9-9F2C590D515E}.Prod|Any CPU.Build.0 = Debug|Any CPU
		{42910906-BFE9-4D82-93C9-9F2C590D515E}.QA|Any CPU.ActiveCfg = Debug|Any CPU
		{42910906-BFE9-4D82-93C9-9F2C590D515E}.QA|Any CPU.Build.0 = Debug|Any CPU
		{42910906-BFE9-4D82-93C9-9F2C590D515E}.Release|Any CPU.ActiveCfg = Release|Any CPU
		{42910906-BFE9-4D82-93C9-9F2C590D515E}.Release|Any CPU.Build.0 = Release|Any CPU
		{54B1ED31-58D5-404E-AD60-2F9240C861FF}.Debug|Any CPU.ActiveCfg = Debug|Any CPU
		{54B1ED31-58D5-404E-AD60-2F9240C861FF}.Debug|Any CPU.Build.0 = Debug|Any CPU
		{54B1ED31-58D5-404E-AD60-2F9240C861FF}.Development|Any CPU.ActiveCfg = Debug|Any CPU
		{54B1ED31-58D5-404E-AD60-2F9240C861FF}.Development|Any CPU.Build.0 = Debug|Any CPU
		{54B1ED31-58D5-404E-AD60-2F9240C861FF}.Prod|Any CPU.ActiveCfg = Debug|Any CPU
		{54B1ED31-58D5-404E-AD60-2F9240C861FF}.Prod|Any CPU.Build.0 = Debug|Any CPU
		{54B1ED31-58D5-404E-AD60-2F9240C861FF}.QA|Any CPU.ActiveCfg = Debug|Any CPU
		{54B1ED31-58D5-404E-AD60-2F9240C861FF}.QA|Any CPU.Build.0 = Debug|Any CPU
		{54B1ED31-58D5-404E-AD60-2F9240C861FF}.Release|Any CPU.ActiveCfg = Release|Any CPU
		{54B1ED31-58D5-404E-AD60-2F9240C861FF}.Release|Any CPU.Build.0 = Release|Any CPU
		{6DB071E7-0E4B-44D5-A75E-B61010CD955D}.Debug|Any CPU.ActiveCfg = Debug|Any CPU
		{6DB071E7-0E4B-44D5-A75E-B61010CD955D}.Debug|Any CPU.Build.0 = Debug|Any CPU
		{6DB071E7-0E4B-44D5-A75E-B61010CD955D}.Development|Any CPU.ActiveCfg = Debug|Any CPU
		{6DB071E7-0E4B-44D5-A75E-B61010CD955D}.Development|Any CPU.Build.0 = Debug|Any CPU
		{6DB071E7-0E4B-44D5-A75E-B61010CD955D}.Prod|Any CPU.ActiveCfg = Debug|Any CPU
		{6DB071E7-0E4B-44D5-A75E-B61010CD955D}.Prod|Any CPU.Build.0 = Debug|Any CPU
		{6DB071E7-0E4B-44D5-A75E-B61010CD955D}.QA|Any CPU.ActiveCfg = Debug|Any CPU
		{6DB071E7-0E4B-44D5-A75E-B61010CD955D}.QA|Any CPU.Build.0 = Debug|Any CPU
		{6DB071E7-0E4B-44D5-A75E-B61010CD955D}.Release|Any CPU.ActiveCfg = Release|Any CPU
		{6DB071E7-0E4B-44D5-A75E-B61010CD955D}.Release|Any CPU.Build.0 = Release|Any CPU
		{5FAB389D-7A66-4EC3-821A-31D0D7664984}.Debug|Any CPU.ActiveCfg = Debug|Any CPU
		{5FAB389D-7A66-4EC3-821A-31D0D7664984}.Debug|Any CPU.Build.0 = Debug|Any CPU
		{5FAB389D-7A66-4EC3-821A-31D0D7664984}.Development|Any CPU.ActiveCfg = Debug|Any CPU
		{5FAB389D-7A66-4EC3-821A-31D0D7664984}.Development|Any CPU.Build.0 = Debug|Any CPU
		{5FAB389D-7A66-4EC3-821A-31D0D7664984}.Prod|Any CPU.ActiveCfg = Debug|Any CPU
		{5FAB389D-7A66-4EC3-821A-31D0D7664984}.Prod|Any CPU.Build.0 = Debug|Any CPU
		{5FAB389D-7A66-4EC3-821A-31D0D7664984}.QA|Any CPU.ActiveCfg = Debug|Any CPU
		{5FAB389D-7A66-4EC3-821A-31D0D7664984}.QA|Any CPU.Build.0 = Debug|Any CPU
		{5FAB389D-7A66-4EC3-821A-31D0D7664984}.Release|Any CPU.ActiveCfg = Release|Any CPU
		{5FAB389D-7A66-4EC3-821A-31D0D7664984}.Release|Any CPU.Build.0 = Release|Any CPU
		{DB737B42-FF71-4F95-9296-B631535015FC}.Debug|Any CPU.ActiveCfg = Debug|Any CPU
		{DB737B42-FF71-4F95-9296-B631535015FC}.Debug|Any CPU.Build.0 = Debug|Any CPU
		{DB737B42-FF71-4F95-9296-B631535015FC}.Development|Any CPU.ActiveCfg = Debug|Any CPU
		{DB737B42-FF71-4F95-9296-B631535015FC}.Development|Any CPU.Build.0 = Debug|Any CPU
		{DB737B42-FF71-4F95-9296-B631535015FC}.Prod|Any CPU.ActiveCfg = Debug|Any CPU
		{DB737B42-FF71-4F95-9296-B631535015FC}.Prod|Any CPU.Build.0 = Debug|Any CPU
		{DB737B42-FF71-4F95-9296-B631535015FC}.QA|Any CPU.ActiveCfg = Debug|Any CPU
		{DB737B42-FF71-4F95-9296-B631535015FC}.QA|Any CPU.Build.0 = Debug|Any CPU
		{DB737B42-FF71-4F95-9296-B631535015FC}.Release|Any CPU.ActiveCfg = Release|Any CPU
		{DB737B42-FF71-4F95-9296-B631535015FC}.Release|Any CPU.Build.0 = Release|Any CPU
	EndGlobalSection
	GlobalSection(SolutionProperties) = preSolution
		HideSolutionNode = FALSE
	EndGlobalSection
	GlobalSection(NestedProjects) = preSolution
		{7F7462AB-DAC9-4364-9852-C6A4AFE00BDB} = {AC160241-C0C5-4D7E-8E4B-A4BEDCB1D039}
		{3633208C-8F3D-4482-B7E1-37D7E898694F} = {AC160241-C0C5-4D7E-8E4B-A4BEDCB1D039}
		{0EFF57AA-4C7D-4153-8CEA-BA2C8E79AFFC} = {FFDFF55D-7F19-4F6B-9EB3-CBB84E3C1390}
		{1712B1E9-AD22-4EF5-A8C9-0540CED95DC3} = {FFDFF55D-7F19-4F6B-9EB3-CBB84E3C1390}
		{FFDFF55D-7F19-4F6B-9EB3-CBB84E3C1390} = {97D84D59-7D02-4CD9-BE5B-A3445E3C4BEC}
		{FA887AF0-62B9-42B4-9732-A757A987C948} = {97D84D59-7D02-4CD9-BE5B-A3445E3C4BEC}
		{F62CA349-7519-4E83-A54C-96C0CC86525F} = {FA887AF0-62B9-42B4-9732-A757A987C948}
		{B366015E-A3AA-491B-A56F-6217E8FE8AB4} = {FA887AF0-62B9-42B4-9732-A757A987C948}
		{4CA28DED-4821-473B-9D71-765C5C46E384} = {97D84D59-7D02-4CD9-BE5B-A3445E3C4BEC}
		{1DA19BBF-64D9-4D31-9563-C62DDE8871AE} = {4CA28DED-4821-473B-9D71-765C5C46E384}
		{E3671825-CFB7-47DE-8DAF-33C3B8E98F07} = {4CA28DED-4821-473B-9D71-765C5C46E384}
		{01D10AAC-8D23-4B39-AF39-6AE24A82614C} = {4CA28DED-4821-473B-9D71-765C5C46E384}
		{F77E79F8-AF34-4FF5-A8C6-882AD6244B9A} = {2C887A36-C61E-41F6-846A-92C4A0BA1790}
		{59D6F875-169F-4A55-B4B5-5D1ED6D59385} = {B8617FEF-46DE-4971-BBC4-7D1390FB12E8}
		{B5D40D10-443A-407D-BF54-DADBCF7D430C} = {2C887A36-C61E-41F6-846A-92C4A0BA1790}
		{5A6542E5-3FD9-45AB-A55E-F851D382EBCE} = {AC160241-C0C5-4D7E-8E4B-A4BEDCB1D039}
		{753E5055-C318-419F-BD95-DD92317FC0BB} = {97D84D59-7D02-4CD9-BE5B-A3445E3C4BEC}
		{BC28D735-61C5-47A3-949D-DBDB6310A1D6} = {4CA28DED-4821-473B-9D71-765C5C46E384}
		{D14D10D7-9529-4CDE-AB3A-E117824620A6} = {B011F062-91CC-4C7D-B34F-3651EF6DAF72}
		{42910906-BFE9-4D82-93C9-9F2C590D515E} = {2C887A36-C61E-41F6-846A-92C4A0BA1790}
		{54B1ED31-58D5-404E-AD60-2F9240C861FF} = {B8617FEF-46DE-4971-BBC4-7D1390FB12E8}
		{6DB071E7-0E4B-44D5-A75E-B61010CD955D} = {B8617FEF-46DE-4971-BBC4-7D1390FB12E8}
		{5FAB389D-7A66-4EC3-821A-31D0D7664984} = {4CA28DED-4821-473B-9D71-765C5C46E384}
		{DB737B42-FF71-4F95-9296-B631535015FC} = {6B841AC8-E631-448C-82FB-E50664BB942F}
	EndGlobalSection
	GlobalSection(ExtensibilityGlobals) = postSolution
		SolutionGuid = {26B071A6-FCA6-49C2-AFAC-46EA6DF6003F}
	EndGlobalSection
EndGlobal
