
Microsoft Visual Studio Solution File, Format Version 12.00
# Visual Studio Version 16
VisualStudioVersion = 16.0.29509.3
MinimumVisualStudioVersion = 10.0.40219.1
Project("{9A19103F-16F7-4668-BE54-9A1E7A4F7556}") = "FL.WebAPI.Core.Users", "FL.WebAPI.Core.Users\FL.WebAPI.Core.Users.csproj", "{7F7462AB-DAC9-4364-9852-C6A4AFE00BDB}"
EndProject
Project("{2150E333-8FDC-42A3-9474-1A3956D46DE8}") = "Users", "Users", "{AC160241-C0C5-4D7E-8E4B-A4BEDCB1D039}"
EndProject
Project("{9A19103F-16F7-4668-BE54-9A1E7A4F7556}") = "FL.User.EF.Migration", "FL.User.EF.Migration\FL.User.EF.Migration.csproj", "{3633208C-8F3D-4482-B7E1-37D7E898694F}"
EndProject
Project("{2150E333-8FDC-42A3-9474-1A3956D46DE8}") = "Posts", "Posts", "{B8617FEF-46DE-4971-BBC4-7D1390FB12E8}"
EndProject
Project("{2150E333-8FDC-42A3-9474-1A3956D46DE8}") = "Framework", "Framework", "{97D84D59-7D02-4CD9-BE5B-A3445E3C4BEC}"
EndProject
Project("{9A19103F-16F7-4668-BE54-9A1E7A4F7556}") = "FL.Logging.Implementation.Standard", "..\Framework\FL.Logging.Implementation.Standard\FL.Logging.Implementation.Standard.csproj", "{0EFF57AA-4C7D-4153-8CEA-BA2C8E79AFFC}"
EndProject
Project("{9A19103F-16F7-4668-BE54-9A1E7A4F7556}") = "FL.LogTrace.Contracts.Standard", "..\Framework\FL.LogTrace.Contracts.Standard\FL.LogTrace.Contracts.Standard.csproj", "{1712B1E9-AD22-4EF5-A8C9-0540CED95DC3}"
EndProject
Project("{2150E333-8FDC-42A3-9474-1A3956D46DE8}") = "Logger", "Logger", "{FFDFF55D-7F19-4F6B-9EB3-CBB84E3C1390}"
EndProject
Project("{2150E333-8FDC-42A3-9474-1A3956D46DE8}") = "Email", "Email", "{FA887AF0-62B9-42B4-9732-A757A987C948}"
EndProject
Project("{9A19103F-16F7-4668-BE54-9A1E7A4F7556}") = "FL.Sendgrid.Implementation.Standard", "..\Framework\FL.Sendgrid.Implementation.Standard\FL.Sendgrid.Implementation.Standard.csproj", "{F62CA349-7519-4E83-A54C-96C0CC86525F}"
EndProject
Project("{9A19103F-16F7-4668-BE54-9A1E7A4F7556}") = "FL.Mailing.Contracts.Standard", "..\Framework\FL.Mailing.Contracts.Standard\FL.Mailing.Contracts.Standard.csproj", "{B366015E-A3AA-491B-A56F-6217E8FE8AB4}"
EndProject
Project("{9A19103F-16F7-4668-BE54-9A1E7A4F7556}") = "FL.Pereza.Helpers.Standard", "..\FL.Pereza.Helpers.Standard\FL.Pereza.Helpers.Standard.csproj", "{6337355D-B2FA-47AE-B5A5-4DAE77DEB5BC}"
EndProject
Project("{9A19103F-16F7-4668-BE54-9A1E7A4F7556}") = "FL.WebAPI.Core.Items", "FL.WebAPI.Core.Items\FL.WebAPI.Core.Items.csproj", "{82A21367-71DA-4482-AC43-1BB482E26E78}"
EndProject
Project("{2150E333-8FDC-42A3-9474-1A3956D46DE8}") = "Functions", "Functions", "{2C887A36-C61E-41F6-846A-92C4A0BA1790}"
EndProject
Project("{2150E333-8FDC-42A3-9474-1A3956D46DE8}") = "Infrastructure", "Infrastructure", "{4CA28DED-4821-473B-9D71-765C5C46E384}"
EndProject
Project("{9A19103F-16F7-4668-BE54-9A1E7A4F7556}") = "FL.Infrastructure.Standard", "..\Framework\FL.Infrastructure.Standard\FL.Infrastructure.Standard.csproj", "{A8D9C40E-CF26-4085-B1B9-1E61304CEC40}"
EndProject
Project("{2150E333-8FDC-42A3-9474-1A3956D46DE8}") = "Searchs", "Searchs", "{C7894594-9852-4219-BB2D-7903D11B4331}"
EndProject
Project("{9A19103F-16F7-4668-BE54-9A1E7A4F7556}") = "FL.ServiceBus.Standard", "..\Framework\FL.ServiceBus.Standard\FL.ServiceBus.Standard.csproj", "{1DA19BBF-64D9-4D31-9563-C62DDE8871AE}"
EndProject
Project("{9A19103F-16F7-4668-BE54-9A1E7A4F7556}") = "FL.CosmosDb.Standard", "..\Framework\FL.CosmosDb.Standard\FL.CosmosDb.Standard.csproj", "{E3671825-CFB7-47DE-8DAF-33C3B8E98F07}"
EndProject
Project("{9A19103F-16F7-4668-BE54-9A1E7A4F7556}") = "FL.Functions.BirdPost", "FL.Functions.BirdPost\FL.Functions.BirdPost.csproj", "{34B0D7C8-C590-4FEF-B5A6-5D69BA17C7CF}"
EndProject
Project("{9A19103F-16F7-4668-BE54-9A1E7A4F7556}") = "FL.WebAPI.Core.Birds", "FL.WebAPI.Core.Birds\FL.WebAPI.Core.Birds.csproj", "{72591D94-20C2-4951-94A2-C709AFB4564C}"
EndProject
Project("{9A19103F-16F7-4668-BE54-9A1E7A4F7556}") = "FL.Web.API.Core.User.Posts", "FL.Web.API.Core.User.Posts\FL.Web.API.Core.User.Posts.csproj", "{B248363D-7073-4BA6-B488-EBD7A77E8759}"
EndProject
Project("{9A19103F-16F7-4668-BE54-9A1E7A4F7556}") = "FL.Cache.Standard", "..\Framework\FL.Cache.Standard\FL.Cache.Standard.csproj", "{01D10AAC-8D23-4B39-AF39-6AE24A82614C}"
EndProject
Project("{9A19103F-16F7-4668-BE54-9A1E7A4F7556}") = "FL.Functions.UserPost", "FL.Functions.UserPost\FL.Functions.UserPost.csproj", "{F77E79F8-AF34-4FF5-A8C6-882AD6244B9A}"
EndProject
Project("{9A19103F-16F7-4668-BE54-9A1E7A4F7556}") = "FL.Web.Api.Core.Votes", "FL.Web.Api.Core.Votes\FL.Web.Api.Core.Votes.csproj", "{A0AC062C-353C-4B96-AD32-70D6393A1601}"
EndProject
Project("{9A19103F-16F7-4668-BE54-9A1E7A4F7556}") = "FL.Web.API.Core.Comments", "FL.Web.API.Core.Comments\FL.Web.API.Core.Comments.csproj", "{7852AE1D-0150-4F5F-80F1-8C3772596ED6}"
EndProject
Project("{9A19103F-16F7-4668-BE54-9A1E7A4F7556}") = "FL.Functions.Posts", "FL.Functions.Posts\FL.Functions.Posts.csproj", "{4A680EBA-3C5A-40C2-A328-D4D5BBB6BAB0}"
EndProject
Project("{FAE04EC0-301F-11D3-BF4B-00C04F79EFBC}") = "Fl.Functions.UserLabel", "Fl.Functions.UserLabel\Fl.Functions.UserLabel.csproj", "{F708FB7E-BE7D-46D2-8CF6-C0BA6CC50E3D}"
EndProject
Global
	GlobalSection(SolutionConfigurationPlatforms) = preSolution
		Debug|Any CPU = Debug|Any CPU
		Development|Any CPU = Development|Any CPU
		Prod|Any CPU = Prod|Any CPU
		QA|Any CPU = QA|Any CPU
		Release|Any CPU = Release|Any CPU
	EndGlobalSection
	GlobalSection(ProjectConfigurationPlatforms) = postSolution
		{7F7462AB-DAC9-4364-9852-C6A4AFE00BDB}.Debug|Any CPU.ActiveCfg = Debug|Any CPU
		{7F7462AB-DAC9-4364-9852-C6A4AFE00BDB}.Debug|Any CPU.Build.0 = Debug|Any CPU
		{7F7462AB-DAC9-4364-9852-C6A4AFE00BDB}.Development|Any CPU.ActiveCfg = Debug|Any CPU
		{7F7462AB-DAC9-4364-9852-C6A4AFE00BDB}.Development|Any CPU.Build.0 = Debug|Any CPU
		{7F7462AB-DAC9-4364-9852-C6A4AFE00BDB}.Prod|Any CPU.ActiveCfg = Prod|Any CPU
		{7F7462AB-DAC9-4364-9852-C6A4AFE00BDB}.Prod|Any CPU.Build.0 = Prod|Any CPU
		{7F7462AB-DAC9-4364-9852-C6A4AFE00BDB}.QA|Any CPU.ActiveCfg = QA|Any CPU
		{7F7462AB-DAC9-4364-9852-C6A4AFE00BDB}.QA|Any CPU.Build.0 = QA|Any CPU
		{7F7462AB-DAC9-4364-9852-C6A4AFE00BDB}.Release|Any CPU.ActiveCfg = Release|Any CPU
		{7F7462AB-DAC9-4364-9852-C6A4AFE00BDB}.Release|Any CPU.Build.0 = Release|Any CPU
		{3633208C-8F3D-4482-B7E1-37D7E898694F}.Debug|Any CPU.ActiveCfg = Debug|Any CPU
		{3633208C-8F3D-4482-B7E1-37D7E898694F}.Debug|Any CPU.Build.0 = Debug|Any CPU
		{3633208C-8F3D-4482-B7E1-37D7E898694F}.Development|Any CPU.ActiveCfg = Debug|Any CPU
		{3633208C-8F3D-4482-B7E1-37D7E898694F}.Development|Any CPU.Build.0 = Debug|Any CPU
		{3633208C-8F3D-4482-B7E1-37D7E898694F}.Prod|Any CPU.ActiveCfg = Prod|Any CPU
		{3633208C-8F3D-4482-B7E1-37D7E898694F}.Prod|Any CPU.Build.0 = Prod|Any CPU
		{3633208C-8F3D-4482-B7E1-37D7E898694F}.QA|Any CPU.ActiveCfg = QA|Any CPU
		{3633208C-8F3D-4482-B7E1-37D7E898694F}.QA|Any CPU.Build.0 = QA|Any CPU
		{3633208C-8F3D-4482-B7E1-37D7E898694F}.Release|Any CPU.ActiveCfg = Release|Any CPU
		{3633208C-8F3D-4482-B7E1-37D7E898694F}.Release|Any CPU.Build.0 = Release|Any CPU
		{0EFF57AA-4C7D-4153-8CEA-BA2C8E79AFFC}.Debug|Any CPU.ActiveCfg = Debug|Any CPU
		{0EFF57AA-4C7D-4153-8CEA-BA2C8E79AFFC}.Debug|Any CPU.Build.0 = Debug|Any CPU
		{0EFF57AA-4C7D-4153-8CEA-BA2C8E79AFFC}.Development|Any CPU.ActiveCfg = Debug|Any CPU
		{0EFF57AA-4C7D-4153-8CEA-BA2C8E79AFFC}.Development|Any CPU.Build.0 = Debug|Any CPU
		{0EFF57AA-4C7D-4153-8CEA-BA2C8E79AFFC}.Prod|Any CPU.ActiveCfg = Prod|Any CPU
		{0EFF57AA-4C7D-4153-8CEA-BA2C8E79AFFC}.Prod|Any CPU.Build.0 = Prod|Any CPU
		{0EFF57AA-4C7D-4153-8CEA-BA2C8E79AFFC}.QA|Any CPU.ActiveCfg = QA|Any CPU
		{0EFF57AA-4C7D-4153-8CEA-BA2C8E79AFFC}.QA|Any CPU.Build.0 = QA|Any CPU
		{0EFF57AA-4C7D-4153-8CEA-BA2C8E79AFFC}.Release|Any CPU.ActiveCfg = Release|Any CPU
		{0EFF57AA-4C7D-4153-8CEA-BA2C8E79AFFC}.Release|Any CPU.Build.0 = Release|Any CPU
		{1712B1E9-AD22-4EF5-A8C9-0540CED95DC3}.Debug|Any CPU.ActiveCfg = Debug|Any CPU
		{1712B1E9-AD22-4EF5-A8C9-0540CED95DC3}.Debug|Any CPU.Build.0 = Debug|Any CPU
		{1712B1E9-AD22-4EF5-A8C9-0540CED95DC3}.Development|Any CPU.ActiveCfg = Debug|Any CPU
		{1712B1E9-AD22-4EF5-A8C9-0540CED95DC3}.Development|Any CPU.Build.0 = Debug|Any CPU
		{1712B1E9-AD22-4EF5-A8C9-0540CED95DC3}.Prod|Any CPU.ActiveCfg = Prod|Any CPU
		{1712B1E9-AD22-4EF5-A8C9-0540CED95DC3}.Prod|Any CPU.Build.0 = Prod|Any CPU
		{1712B1E9-AD22-4EF5-A8C9-0540CED95DC3}.QA|Any CPU.ActiveCfg = QA|Any CPU
		{1712B1E9-AD22-4EF5-A8C9-0540CED95DC3}.QA|Any CPU.Build.0 = QA|Any CPU
		{1712B1E9-AD22-4EF5-A8C9-0540CED95DC3}.Release|Any CPU.ActiveCfg = Release|Any CPU
		{1712B1E9-AD22-4EF5-A8C9-0540CED95DC3}.Release|Any CPU.Build.0 = Release|Any CPU
		{F62CA349-7519-4E83-A54C-96C0CC86525F}.Debug|Any CPU.ActiveCfg = Debug|Any CPU
		{F62CA349-7519-4E83-A54C-96C0CC86525F}.Debug|Any CPU.Build.0 = Debug|Any CPU
		{F62CA349-7519-4E83-A54C-96C0CC86525F}.Development|Any CPU.ActiveCfg = Debug|Any CPU
		{F62CA349-7519-4E83-A54C-96C0CC86525F}.Development|Any CPU.Build.0 = Debug|Any CPU
		{F62CA349-7519-4E83-A54C-96C0CC86525F}.Prod|Any CPU.ActiveCfg = Debug|Any CPU
		{F62CA349-7519-4E83-A54C-96C0CC86525F}.Prod|Any CPU.Build.0 = Debug|Any CPU
		{F62CA349-7519-4E83-A54C-96C0CC86525F}.QA|Any CPU.ActiveCfg = Debug|Any CPU
		{F62CA349-7519-4E83-A54C-96C0CC86525F}.QA|Any CPU.Build.0 = Debug|Any CPU
		{F62CA349-7519-4E83-A54C-96C0CC86525F}.Release|Any CPU.ActiveCfg = Release|Any CPU
		{F62CA349-7519-4E83-A54C-96C0CC86525F}.Release|Any CPU.Build.0 = Release|Any CPU
		{B366015E-A3AA-491B-A56F-6217E8FE8AB4}.Debug|Any CPU.ActiveCfg = Debug|Any CPU
		{B366015E-A3AA-491B-A56F-6217E8FE8AB4}.Debug|Any CPU.Build.0 = Debug|Any CPU
		{B366015E-A3AA-491B-A56F-6217E8FE8AB4}.Development|Any CPU.ActiveCfg = Debug|Any CPU
		{B366015E-A3AA-491B-A56F-6217E8FE8AB4}.Development|Any CPU.Build.0 = Debug|Any CPU
		{B366015E-A3AA-491B-A56F-6217E8FE8AB4}.Prod|Any CPU.ActiveCfg = Debug|Any CPU
		{B366015E-A3AA-491B-A56F-6217E8FE8AB4}.Prod|Any CPU.Build.0 = Debug|Any CPU
		{B366015E-A3AA-491B-A56F-6217E8FE8AB4}.QA|Any CPU.ActiveCfg = Debug|Any CPU
		{B366015E-A3AA-491B-A56F-6217E8FE8AB4}.QA|Any CPU.Build.0 = Debug|Any CPU
		{B366015E-A3AA-491B-A56F-6217E8FE8AB4}.Release|Any CPU.ActiveCfg = Release|Any CPU
		{B366015E-A3AA-491B-A56F-6217E8FE8AB4}.Release|Any CPU.Build.0 = Release|Any CPU
		{6337355D-B2FA-47AE-B5A5-4DAE77DEB5BC}.Debug|Any CPU.ActiveCfg = Debug|Any CPU
		{6337355D-B2FA-47AE-B5A5-4DAE77DEB5BC}.Debug|Any CPU.Build.0 = Debug|Any CPU
		{6337355D-B2FA-47AE-B5A5-4DAE77DEB5BC}.Development|Any CPU.ActiveCfg = Debug|Any CPU
		{6337355D-B2FA-47AE-B5A5-4DAE77DEB5BC}.Development|Any CPU.Build.0 = Debug|Any CPU
		{6337355D-B2FA-47AE-B5A5-4DAE77DEB5BC}.Prod|Any CPU.ActiveCfg = Debug|Any CPU
		{6337355D-B2FA-47AE-B5A5-4DAE77DEB5BC}.Prod|Any CPU.Build.0 = Debug|Any CPU
		{6337355D-B2FA-47AE-B5A5-4DAE77DEB5BC}.QA|Any CPU.ActiveCfg = Debug|Any CPU
		{6337355D-B2FA-47AE-B5A5-4DAE77DEB5BC}.QA|Any CPU.Build.0 = Debug|Any CPU
		{6337355D-B2FA-47AE-B5A5-4DAE77DEB5BC}.Release|Any CPU.ActiveCfg = Release|Any CPU
		{6337355D-B2FA-47AE-B5A5-4DAE77DEB5BC}.Release|Any CPU.Build.0 = Release|Any CPU
		{82A21367-71DA-4482-AC43-1BB482E26E78}.Debug|Any CPU.ActiveCfg = Debug|Any CPU
		{82A21367-71DA-4482-AC43-1BB482E26E78}.Debug|Any CPU.Build.0 = Debug|Any CPU
		{82A21367-71DA-4482-AC43-1BB482E26E78}.Development|Any CPU.ActiveCfg = Debug|Any CPU
		{82A21367-71DA-4482-AC43-1BB482E26E78}.Development|Any CPU.Build.0 = Debug|Any CPU
		{82A21367-71DA-4482-AC43-1BB482E26E78}.Prod|Any CPU.ActiveCfg = Debug|Any CPU
		{82A21367-71DA-4482-AC43-1BB482E26E78}.Prod|Any CPU.Build.0 = Debug|Any CPU
		{82A21367-71DA-4482-AC43-1BB482E26E78}.QA|Any CPU.ActiveCfg = Debug|Any CPU
		{82A21367-71DA-4482-AC43-1BB482E26E78}.QA|Any CPU.Build.0 = Debug|Any CPU
		{82A21367-71DA-4482-AC43-1BB482E26E78}.Release|Any CPU.ActiveCfg = Release|Any CPU
		{82A21367-71DA-4482-AC43-1BB482E26E78}.Release|Any CPU.Build.0 = Release|Any CPU
		{A8D9C40E-CF26-4085-B1B9-1E61304CEC40}.Debug|Any CPU.ActiveCfg = Debug|Any CPU
		{A8D9C40E-CF26-4085-B1B9-1E61304CEC40}.Debug|Any CPU.Build.0 = Debug|Any CPU
		{A8D9C40E-CF26-4085-B1B9-1E61304CEC40}.Development|Any CPU.ActiveCfg = Debug|Any CPU
		{A8D9C40E-CF26-4085-B1B9-1E61304CEC40}.Development|Any CPU.Build.0 = Debug|Any CPU
		{A8D9C40E-CF26-4085-B1B9-1E61304CEC40}.Prod|Any CPU.ActiveCfg = Release|Any CPU
		{A8D9C40E-CF26-4085-B1B9-1E61304CEC40}.Prod|Any CPU.Build.0 = Release|Any CPU
		{A8D9C40E-CF26-4085-B1B9-1E61304CEC40}.QA|Any CPU.ActiveCfg = Release|Any CPU
		{A8D9C40E-CF26-4085-B1B9-1E61304CEC40}.QA|Any CPU.Build.0 = Release|Any CPU
		{A8D9C40E-CF26-4085-B1B9-1E61304CEC40}.Release|Any CPU.ActiveCfg = Release|Any CPU
		{A8D9C40E-CF26-4085-B1B9-1E61304CEC40}.Release|Any CPU.Build.0 = Release|Any CPU
		{1DA19BBF-64D9-4D31-9563-C62DDE8871AE}.Debug|Any CPU.ActiveCfg = Debug|Any CPU
		{1DA19BBF-64D9-4D31-9563-C62DDE8871AE}.Debug|Any CPU.Build.0 = Debug|Any CPU
		{1DA19BBF-64D9-4D31-9563-C62DDE8871AE}.Development|Any CPU.ActiveCfg = Debug|Any CPU
		{1DA19BBF-64D9-4D31-9563-C62DDE8871AE}.Development|Any CPU.Build.0 = Debug|Any CPU
		{1DA19BBF-64D9-4D31-9563-C62DDE8871AE}.Prod|Any CPU.ActiveCfg = Debug|Any CPU
		{1DA19BBF-64D9-4D31-9563-C62DDE8871AE}.Prod|Any CPU.Build.0 = Debug|Any CPU
		{1DA19BBF-64D9-4D31-9563-C62DDE8871AE}.QA|Any CPU.ActiveCfg = Debug|Any CPU
		{1DA19BBF-64D9-4D31-9563-C62DDE8871AE}.QA|Any CPU.Build.0 = Debug|Any CPU
		{1DA19BBF-64D9-4D31-9563-C62DDE8871AE}.Release|Any CPU.ActiveCfg = Release|Any CPU
		{1DA19BBF-64D9-4D31-9563-C62DDE8871AE}.Release|Any CPU.Build.0 = Release|Any CPU
		{E3671825-CFB7-47DE-8DAF-33C3B8E98F07}.Debug|Any CPU.ActiveCfg = Debug|Any CPU
		{E3671825-CFB7-47DE-8DAF-33C3B8E98F07}.Debug|Any CPU.Build.0 = Debug|Any CPU
		{E3671825-CFB7-47DE-8DAF-33C3B8E98F07}.Development|Any CPU.ActiveCfg = Debug|Any CPU
		{E3671825-CFB7-47DE-8DAF-33C3B8E98F07}.Development|Any CPU.Build.0 = Debug|Any CPU
		{E3671825-CFB7-47DE-8DAF-33C3B8E98F07}.Prod|Any CPU.ActiveCfg = Debug|Any CPU
		{E3671825-CFB7-47DE-8DAF-33C3B8E98F07}.Prod|Any CPU.Build.0 = Debug|Any CPU
		{E3671825-CFB7-47DE-8DAF-33C3B8E98F07}.QA|Any CPU.ActiveCfg = Debug|Any CPU
		{E3671825-CFB7-47DE-8DAF-33C3B8E98F07}.QA|Any CPU.Build.0 = Debug|Any CPU
		{E3671825-CFB7-47DE-8DAF-33C3B8E98F07}.Release|Any CPU.ActiveCfg = Release|Any CPU
		{E3671825-CFB7-47DE-8DAF-33C3B8E98F07}.Release|Any CPU.Build.0 = Release|Any CPU
		{34B0D7C8-C590-4FEF-B5A6-5D69BA17C7CF}.Debug|Any CPU.ActiveCfg = Debug|Any CPU
		{34B0D7C8-C590-4FEF-B5A6-5D69BA17C7CF}.Debug|Any CPU.Build.0 = Debug|Any CPU
		{34B0D7C8-C590-4FEF-B5A6-5D69BA17C7CF}.Development|Any CPU.ActiveCfg = Debug|Any CPU
		{34B0D7C8-C590-4FEF-B5A6-5D69BA17C7CF}.Development|Any CPU.Build.0 = Debug|Any CPU
		{34B0D7C8-C590-4FEF-B5A6-5D69BA17C7CF}.Prod|Any CPU.ActiveCfg = Debug|Any CPU
		{34B0D7C8-C590-4FEF-B5A6-5D69BA17C7CF}.Prod|Any CPU.Build.0 = Debug|Any CPU
		{34B0D7C8-C590-4FEF-B5A6-5D69BA17C7CF}.QA|Any CPU.ActiveCfg = Debug|Any CPU
		{34B0D7C8-C590-4FEF-B5A6-5D69BA17C7CF}.QA|Any CPU.Build.0 = Debug|Any CPU
		{34B0D7C8-C590-4FEF-B5A6-5D69BA17C7CF}.Release|Any CPU.ActiveCfg = Release|Any CPU
		{34B0D7C8-C590-4FEF-B5A6-5D69BA17C7CF}.Release|Any CPU.Build.0 = Release|Any CPU
		{72591D94-20C2-4951-94A2-C709AFB4564C}.Debug|Any CPU.ActiveCfg = Debug|Any CPU
		{72591D94-20C2-4951-94A2-C709AFB4564C}.Debug|Any CPU.Build.0 = Debug|Any CPU
		{72591D94-20C2-4951-94A2-C709AFB4564C}.Development|Any CPU.ActiveCfg = Debug|Any CPU
		{72591D94-20C2-4951-94A2-C709AFB4564C}.Development|Any CPU.Build.0 = Debug|Any CPU
		{72591D94-20C2-4951-94A2-C709AFB4564C}.Prod|Any CPU.ActiveCfg = Debug|Any CPU
		{72591D94-20C2-4951-94A2-C709AFB4564C}.Prod|Any CPU.Build.0 = Debug|Any CPU
		{72591D94-20C2-4951-94A2-C709AFB4564C}.QA|Any CPU.ActiveCfg = Debug|Any CPU
		{72591D94-20C2-4951-94A2-C709AFB4564C}.QA|Any CPU.Build.0 = Debug|Any CPU
		{72591D94-20C2-4951-94A2-C709AFB4564C}.Release|Any CPU.ActiveCfg = Release|Any CPU
		{72591D94-20C2-4951-94A2-C709AFB4564C}.Release|Any CPU.Build.0 = Release|Any CPU
		{B248363D-7073-4BA6-B488-EBD7A77E8759}.Debug|Any CPU.ActiveCfg = Debug|Any CPU
		{B248363D-7073-4BA6-B488-EBD7A77E8759}.Debug|Any CPU.Build.0 = Debug|Any CPU
		{B248363D-7073-4BA6-B488-EBD7A77E8759}.Development|Any CPU.ActiveCfg = Debug|Any CPU
		{B248363D-7073-4BA6-B488-EBD7A77E8759}.Development|Any CPU.Build.0 = Debug|Any CPU
		{B248363D-7073-4BA6-B488-EBD7A77E8759}.Prod|Any CPU.ActiveCfg = Debug|Any CPU
		{B248363D-7073-4BA6-B488-EBD7A77E8759}.Prod|Any CPU.Build.0 = Debug|Any CPU
		{B248363D-7073-4BA6-B488-EBD7A77E8759}.QA|Any CPU.ActiveCfg = Debug|Any CPU
		{B248363D-7073-4BA6-B488-EBD7A77E8759}.QA|Any CPU.Build.0 = Debug|Any CPU
		{B248363D-7073-4BA6-B488-EBD7A77E8759}.Release|Any CPU.ActiveCfg = Release|Any CPU
		{B248363D-7073-4BA6-B488-EBD7A77E8759}.Release|Any CPU.Build.0 = Release|Any CPU
		{01D10AAC-8D23-4B39-AF39-6AE24A82614C}.Debug|Any CPU.ActiveCfg = Debug|Any CPU
		{01D10AAC-8D23-4B39-AF39-6AE24A82614C}.Debug|Any CPU.Build.0 = Debug|Any CPU
		{01D10AAC-8D23-4B39-AF39-6AE24A82614C}.Development|Any CPU.ActiveCfg = Debug|Any CPU
		{01D10AAC-8D23-4B39-AF39-6AE24A82614C}.Development|Any CPU.Build.0 = Debug|Any CPU
		{01D10AAC-8D23-4B39-AF39-6AE24A82614C}.Prod|Any CPU.ActiveCfg = Debug|Any CPU
		{01D10AAC-8D23-4B39-AF39-6AE24A82614C}.Prod|Any CPU.Build.0 = Debug|Any CPU
		{01D10AAC-8D23-4B39-AF39-6AE24A82614C}.QA|Any CPU.ActiveCfg = Debug|Any CPU
		{01D10AAC-8D23-4B39-AF39-6AE24A82614C}.QA|Any CPU.Build.0 = Debug|Any CPU
		{01D10AAC-8D23-4B39-AF39-6AE24A82614C}.Release|Any CPU.ActiveCfg = Release|Any CPU
		{01D10AAC-8D23-4B39-AF39-6AE24A82614C}.Release|Any CPU.Build.0 = Release|Any CPU
		{F77E79F8-AF34-4FF5-A8C6-882AD6244B9A}.Debug|Any CPU.ActiveCfg = Debug|Any CPU
		{F77E79F8-AF34-4FF5-A8C6-882AD6244B9A}.Debug|Any CPU.Build.0 = Debug|Any CPU
		{F77E79F8-AF34-4FF5-A8C6-882AD6244B9A}.Development|Any CPU.ActiveCfg = Debug|Any CPU
		{F77E79F8-AF34-4FF5-A8C6-882AD6244B9A}.Development|Any CPU.Build.0 = Debug|Any CPU
		{F77E79F8-AF34-4FF5-A8C6-882AD6244B9A}.Prod|Any CPU.ActiveCfg = Debug|Any CPU
		{F77E79F8-AF34-4FF5-A8C6-882AD6244B9A}.Prod|Any CPU.Build.0 = Debug|Any CPU
		{F77E79F8-AF34-4FF5-A8C6-882AD6244B9A}.QA|Any CPU.ActiveCfg = Debug|Any CPU
		{F77E79F8-AF34-4FF5-A8C6-882AD6244B9A}.QA|Any CPU.Build.0 = Debug|Any CPU
		{F77E79F8-AF34-4FF5-A8C6-882AD6244B9A}.Release|Any CPU.ActiveCfg = Release|Any CPU
		{F77E79F8-AF34-4FF5-A8C6-882AD6244B9A}.Release|Any CPU.Build.0 = Release|Any CPU
		{A0AC062C-353C-4B96-AD32-70D6393A1601}.Debug|Any CPU.ActiveCfg = Debug|Any CPU
		{A0AC062C-353C-4B96-AD32-70D6393A1601}.Debug|Any CPU.Build.0 = Debug|Any CPU
		{A0AC062C-353C-4B96-AD32-70D6393A1601}.Development|Any CPU.ActiveCfg = Debug|Any CPU
		{A0AC062C-353C-4B96-AD32-70D6393A1601}.Development|Any CPU.Build.0 = Debug|Any CPU
		{A0AC062C-353C-4B96-AD32-70D6393A1601}.Prod|Any CPU.ActiveCfg = Debug|Any CPU
		{A0AC062C-353C-4B96-AD32-70D6393A1601}.Prod|Any CPU.Build.0 = Debug|Any CPU
		{A0AC062C-353C-4B96-AD32-70D6393A1601}.QA|Any CPU.ActiveCfg = Debug|Any CPU
		{A0AC062C-353C-4B96-AD32-70D6393A1601}.QA|Any CPU.Build.0 = Debug|Any CPU
		{A0AC062C-353C-4B96-AD32-70D6393A1601}.Release|Any CPU.ActiveCfg = Release|Any CPU
		{A0AC062C-353C-4B96-AD32-70D6393A1601}.Release|Any CPU.Build.0 = Release|Any CPU
		{7852AE1D-0150-4F5F-80F1-8C3772596ED6}.Debug|Any CPU.ActiveCfg = Debug|Any CPU
		{7852AE1D-0150-4F5F-80F1-8C3772596ED6}.Debug|Any CPU.Build.0 = Debug|Any CPU
		{7852AE1D-0150-4F5F-80F1-8C3772596ED6}.Development|Any CPU.ActiveCfg = Debug|Any CPU
		{7852AE1D-0150-4F5F-80F1-8C3772596ED6}.Development|Any CPU.Build.0 = Debug|Any CPU
		{7852AE1D-0150-4F5F-80F1-8C3772596ED6}.Prod|Any CPU.ActiveCfg = Debug|Any CPU
		{7852AE1D-0150-4F5F-80F1-8C3772596ED6}.Prod|Any CPU.Build.0 = Debug|Any CPU
		{7852AE1D-0150-4F5F-80F1-8C3772596ED6}.QA|Any CPU.ActiveCfg = Debug|Any CPU
		{7852AE1D-0150-4F5F-80F1-8C3772596ED6}.QA|Any CPU.Build.0 = Debug|Any CPU
		{7852AE1D-0150-4F5F-80F1-8C3772596ED6}.Release|Any CPU.ActiveCfg = Release|Any CPU
		{7852AE1D-0150-4F5F-80F1-8C3772596ED6}.Release|Any CPU.Build.0 = Release|Any CPU
		{4A680EBA-3C5A-40C2-A328-D4D5BBB6BAB0}.Debug|Any CPU.ActiveCfg = Debug|Any CPU
		{4A680EBA-3C5A-40C2-A328-D4D5BBB6BAB0}.Debug|Any CPU.Build.0 = Debug|Any CPU
		{4A680EBA-3C5A-40C2-A328-D4D5BBB6BAB0}.Development|Any CPU.ActiveCfg = Debug|Any CPU
		{4A680EBA-3C5A-40C2-A328-D4D5BBB6BAB0}.Development|Any CPU.Build.0 = Debug|Any CPU
		{4A680EBA-3C5A-40C2-A328-D4D5BBB6BAB0}.Prod|Any CPU.ActiveCfg = Debug|Any CPU
		{4A680EBA-3C5A-40C2-A328-D4D5BBB6BAB0}.Prod|Any CPU.Build.0 = Debug|Any CPU
		{4A680EBA-3C5A-40C2-A328-D4D5BBB6BAB0}.QA|Any CPU.ActiveCfg = Debug|Any CPU
		{4A680EBA-3C5A-40C2-A328-D4D5BBB6BAB0}.QA|Any CPU.Build.0 = Debug|Any CPU
		{4A680EBA-3C5A-40C2-A328-D4D5BBB6BAB0}.Release|Any CPU.ActiveCfg = Release|Any CPU
		{4A680EBA-3C5A-40C2-A328-D4D5BBB6BAB0}.Release|Any CPU.Build.0 = Release|Any CPU
		{F708FB7E-BE7D-46D2-8CF6-C0BA6CC50E3D}.Debug|Any CPU.ActiveCfg = Debug|Any CPU
		{F708FB7E-BE7D-46D2-8CF6-C0BA6CC50E3D}.Debug|Any CPU.Build.0 = Debug|Any CPU
		{F708FB7E-BE7D-46D2-8CF6-C0BA6CC50E3D}.Development|Any CPU.ActiveCfg = Debug|Any CPU
		{F708FB7E-BE7D-46D2-8CF6-C0BA6CC50E3D}.Development|Any CPU.Build.0 = Debug|Any CPU
		{F708FB7E-BE7D-46D2-8CF6-C0BA6CC50E3D}.Prod|Any CPU.ActiveCfg = Debug|Any CPU
		{F708FB7E-BE7D-46D2-8CF6-C0BA6CC50E3D}.Prod|Any CPU.Build.0 = Debug|Any CPU
		{F708FB7E-BE7D-46D2-8CF6-C0BA6CC50E3D}.QA|Any CPU.ActiveCfg = Debug|Any CPU
		{F708FB7E-BE7D-46D2-8CF6-C0BA6CC50E3D}.QA|Any CPU.Build.0 = Debug|Any CPU
		{F708FB7E-BE7D-46D2-8CF6-C0BA6CC50E3D}.Release|Any CPU.ActiveCfg = Release|Any CPU
		{F708FB7E-BE7D-46D2-8CF6-C0BA6CC50E3D}.Release|Any CPU.Build.0 = Release|Any CPU
	EndGlobalSection
	GlobalSection(SolutionProperties) = preSolution
		HideSolutionNode = FALSE
	EndGlobalSection
	GlobalSection(NestedProjects) = preSolution
		{7F7462AB-DAC9-4364-9852-C6A4AFE00BDB} = {AC160241-C0C5-4D7E-8E4B-A4BEDCB1D039}
		{3633208C-8F3D-4482-B7E1-37D7E898694F} = {AC160241-C0C5-4D7E-8E4B-A4BEDCB1D039}
		{0EFF57AA-4C7D-4153-8CEA-BA2C8E79AFFC} = {FFDFF55D-7F19-4F6B-9EB3-CBB84E3C1390}
		{1712B1E9-AD22-4EF5-A8C9-0540CED95DC3} = {FFDFF55D-7F19-4F6B-9EB3-CBB84E3C1390}
		{FFDFF55D-7F19-4F6B-9EB3-CBB84E3C1390} = {97D84D59-7D02-4CD9-BE5B-A3445E3C4BEC}
		{FA887AF0-62B9-42B4-9732-A757A987C948} = {97D84D59-7D02-4CD9-BE5B-A3445E3C4BEC}
		{F62CA349-7519-4E83-A54C-96C0CC86525F} = {FA887AF0-62B9-42B4-9732-A757A987C948}
		{B366015E-A3AA-491B-A56F-6217E8FE8AB4} = {FA887AF0-62B9-42B4-9732-A757A987C948}
		{6337355D-B2FA-47AE-B5A5-4DAE77DEB5BC} = {97D84D59-7D02-4CD9-BE5B-A3445E3C4BEC}
		{82A21367-71DA-4482-AC43-1BB482E26E78} = {B8617FEF-46DE-4971-BBC4-7D1390FB12E8}
		{4CA28DED-4821-473B-9D71-765C5C46E384} = {97D84D59-7D02-4CD9-BE5B-A3445E3C4BEC}
		{A8D9C40E-CF26-4085-B1B9-1E61304CEC40} = {4CA28DED-4821-473B-9D71-765C5C46E384}
		{1DA19BBF-64D9-4D31-9563-C62DDE8871AE} = {4CA28DED-4821-473B-9D71-765C5C46E384}
		{E3671825-CFB7-47DE-8DAF-33C3B8E98F07} = {4CA28DED-4821-473B-9D71-765C5C46E384}
		{34B0D7C8-C590-4FEF-B5A6-5D69BA17C7CF} = {2C887A36-C61E-41F6-846A-92C4A0BA1790}
		{72591D94-20C2-4951-94A2-C709AFB4564C} = {B8617FEF-46DE-4971-BBC4-7D1390FB12E8}
		{B248363D-7073-4BA6-B488-EBD7A77E8759} = {B8617FEF-46DE-4971-BBC4-7D1390FB12E8}
		{01D10AAC-8D23-4B39-AF39-6AE24A82614C} = {4CA28DED-4821-473B-9D71-765C5C46E384}
		{F77E79F8-AF34-4FF5-A8C6-882AD6244B9A} = {2C887A36-C61E-41F6-846A-92C4A0BA1790}
		{A0AC062C-353C-4B96-AD32-70D6393A1601} = {B8617FEF-46DE-4971-BBC4-7D1390FB12E8}
		{7852AE1D-0150-4F5F-80F1-8C3772596ED6} = {B8617FEF-46DE-4971-BBC4-7D1390FB12E8}
		{4A680EBA-3C5A-40C2-A328-D4D5BBB6BAB0} = {2C887A36-C61E-41F6-846A-92C4A0BA1790}
		{F708FB7E-BE7D-46D2-8CF6-C0BA6CC50E3D} = {2C887A36-C61E-41F6-846A-92C4A0BA1790}
	EndGlobalSection
	GlobalSection(ExtensibilityGlobals) = postSolution
		SolutionGuid = {26B071A6-FCA6-49C2-AFAC-46EA6DF6003F}
	EndGlobalSection
EndGlobal
