
Microsoft Visual Studio Solution File, Format Version 12.00
# Visual Studio Version 16
VisualStudioVersion = 16.0.29509.3
MinimumVisualStudioVersion = 10.0.40219.1
Project("{9A19103F-16F7-4668-BE54-9A1E7A4F7556}") = "FL.WebAPI.Core.Users", "FL.WebAPI.Core.Users\FL.WebAPI.Core.Users.csproj", "{7F7462AB-DAC9-4364-9852-C6A4AFE00BDB}"
EndProject
Project("{2150E333-8FDC-42A3-9474-1A3956D46DE8}") = "Users", "Users", "{AC160241-C0C5-4D7E-8E4B-A4BEDCB1D039}"
EndProject
Project("{9A19103F-16F7-4668-BE54-9A1E7A4F7556}") = "FL.User.EF.Migration", "FL.User.EF.Migration\FL.User.EF.Migration.csproj", "{3633208C-8F3D-4482-B7E1-37D7E898694F}"
EndProject
Project("{2150E333-8FDC-42A3-9474-1A3956D46DE8}") = "Posts", "Posts", "{B8617FEF-46DE-4971-BBC4-7D1390FB12E8}"
EndProject
Project("{2150E333-8FDC-42A3-9474-1A3956D46DE8}") = "Framework", "Framework", "{97D84D59-7D02-4CD9-BE5B-A3445E3C4BEC}"
EndProject
Project("{9A19103F-16F7-4668-BE54-9A1E7A4F7556}") = "FL.Logging.Implementation.Standard", "..\Framework\FL.Logging.Implementation.Standard\FL.Logging.Implementation.Standard.csproj", "{0EFF57AA-4C7D-4153-8CEA-BA2C8E79AFFC}"
EndProject
Project("{9A19103F-16F7-4668-BE54-9A1E7A4F7556}") = "FL.LogTrace.Contracts.Standard", "..\Framework\FL.LogTrace.Contracts.Standard\FL.LogTrace.Contracts.Standard.csproj", "{1712B1E9-AD22-4EF5-A8C9-0540CED95DC3}"
EndProject
Project("{2150E333-8FDC-42A3-9474-1A3956D46DE8}") = "Logger", "Logger", "{FFDFF55D-7F19-4F6B-9EB3-CBB84E3C1390}"
EndProject
Project("{2150E333-8FDC-42A3-9474-1A3956D46DE8}") = "Email", "Email", "{FA887AF0-62B9-42B4-9732-A757A987C948}"
EndProject
Project("{9A19103F-16F7-4668-BE54-9A1E7A4F7556}") = "FL.Sendgrid.Implementation.Standard", "..\Framework\FL.Sendgrid.Implementation.Standard\FL.Sendgrid.Implementation.Standard.csproj", "{F62CA349-7519-4E83-A54C-96C0CC86525F}"
EndProject
Project("{9A19103F-16F7-4668-BE54-9A1E7A4F7556}") = "FL.Mailing.Contracts.Standard", "..\Framework\FL.Mailing.Contracts.Standard\FL.Mailing.Contracts.Standard.csproj", "{B366015E-A3AA-491B-A56F-6217E8FE8AB4}"
EndProject
Project("{9A19103F-16F7-4668-BE54-9A1E7A4F7556}") = "FL.WebAPI.Core.Items", "FL.WebAPI.Core.Items\FL.WebAPI.Core.Items.csproj", "{82A21367-71DA-4482-AC43-1BB482E26E78}"
EndProject
Project("{2150E333-8FDC-42A3-9474-1A3956D46DE8}") = "Functions", "Functions", "{2C887A36-C61E-41F6-846A-92C4A0BA1790}"
EndProject
Project("{2150E333-8FDC-42A3-9474-1A3956D46DE8}") = "Infrastructure", "Infrastructure", "{4CA28DED-4821-473B-9D71-765C5C46E384}"
EndProject
Project("{9A19103F-16F7-4668-BE54-9A1E7A4F7556}") = "FL.Infrastructure.Standard", "..\Framework\FL.Infrastructure.Standard\FL.Infrastructure.Standard.csproj", "{A8D9C40E-CF26-4085-B1B9-1E61304CEC40}"
EndProject
Project("{9A19103F-16F7-4668-BE54-9A1E7A4F7556}") = "FL.ServiceBus.Standard", "..\Framework\FL.ServiceBus.Standard\FL.ServiceBus.Standard.csproj", "{1DA19BBF-64D9-4D31-9563-C62DDE8871AE}"
EndProject
Project("{9A19103F-16F7-4668-BE54-9A1E7A4F7556}") = "FL.CosmosDb.Standard", "..\Framework\FL.CosmosDb.Standard\FL.CosmosDb.Standard.csproj", "{E3671825-CFB7-47DE-8DAF-33C3B8E98F07}"
EndProject
Project("{9A19103F-16F7-4668-BE54-9A1E7A4F7556}") = "FL.Functions.BirdPost", "FL.Functions.BirdPost\FL.Functions.BirdPost.csproj", "{34B0D7C8-C590-4FEF-B5A6-5D69BA17C7CF}"
EndProject
Project("{9A19103F-16F7-4668-BE54-9A1E7A4F7556}") = "FL.WebAPI.Core.Birds", "FL.WebAPI.Core.Birds\FL.WebAPI.Core.Birds.csproj", "{72591D94-20C2-4951-94A2-C709AFB4564C}"
EndProject
Project("{9A19103F-16F7-4668-BE54-9A1E7A4F7556}") = "FL.Cache.Standard", "..\Framework\FL.Cache.Standard\FL.Cache.Standard.csproj", "{01D10AAC-8D23-4B39-AF39-6AE24A82614C}"
EndProject
Project("{9A19103F-16F7-4668-BE54-9A1E7A4F7556}") = "FL.Functions.UserPost", "FL.Functions.UserPost\FL.Functions.UserPost.csproj", "{F77E79F8-AF34-4FF5-A8C6-882AD6244B9A}"
EndProject
Project("{9A19103F-16F7-4668-BE54-9A1E7A4F7556}") = "FL.Functions.Posts", "FL.Functions.Posts\FL.Functions.Posts.csproj", "{4A680EBA-3C5A-40C2-A328-D4D5BBB6BAB0}"
EndProject
Project("{9A19103F-16F7-4668-BE54-9A1E7A4F7556}") = "Fl.Functions.UserLabel", "Fl.Functions.UserLabel\Fl.Functions.UserLabel.csproj", "{F708FB7E-BE7D-46D2-8CF6-C0BA6CC50E3D}"
EndProject
Project("{9A19103F-16F7-4668-BE54-9A1E7A4F7556}") = "FL.Web.API.Core.UserLabels", "FL.Web.API.Core.UserLabels\FL.Web.API.Core.UserLabels.csproj", "{3D1AE956-87AB-494A-B32D-C2843B53EE7F}"
EndProject
Project("{9A19103F-16F7-4668-BE54-9A1E7A4F7556}") = "FL.Web.API.Core.Species", "FL.Web.API.Core.Species\FL.Web.API.Core.Species.csproj", "{91E03FBD-5E88-44D5-9D2D-9DD9943B4997}"
EndProject
Project("{9A19103F-16F7-4668-BE54-9A1E7A4F7556}") = "FL.Web.API.Core.Post.Interactions", "FL.Web.API.Core.Post.Interactions\FL.Web.API.Core.Post.Interactions.csproj", "{59D6F875-169F-4A55-B4B5-5D1ED6D59385}"
EndProject
Project("{9A19103F-16F7-4668-BE54-9A1E7A4F7556}") = "FL.Functions.UserInteractions", "FL.Functions.UserInteractions\FL.Functions.UserInteractions.csproj", "{B5D40D10-443A-407D-BF54-DADBCF7D430C}"
EndProject
Project("{9A19103F-16F7-4668-BE54-9A1E7A4F7556}") = "FL.Web.API.Core.User.Interactions", "FL.Web.API.Core.User.Interactions\FL.Web.API.Core.User.Interactions.csproj", "{5A6542E5-3FD9-45AB-A55E-F851D382EBCE}"
EndProject
Project("{9A19103F-16F7-4668-BE54-9A1E7A4F7556}") = "FL.Pereza.Helpers.Standard", "FL.Pereza.Helpers.Standard\FL.Pereza.Helpers.Standard.csproj", "{753E5055-C318-419F-BD95-DD92317FC0BB}"
EndProject
Project("{9A19103F-16F7-4668-BE54-9A1E7A4F7556}") = "FL.DependencyInjection.Standard", "..\Framework\FL.DependencyInjection.Standard\FL.DependencyInjection.Standard.csproj", "{BC28D735-61C5-47A3-949D-DBDB6310A1D6}"
EndProject
Project("{2150E333-8FDC-42A3-9474-1A3956D46DE8}") = "Species", "Species", "{B011F062-91CC-4C7D-B34F-3651EF6DAF72}"
EndProject
Global
	GlobalSection(SolutionConfigurationPlatforms) = preSolution
		Debug|Any CPU = Debug|Any CPU
		Development|Any CPU = Development|Any CPU
		Prod|Any CPU = Prod|Any CPU
		QA|Any CPU = QA|Any CPU
		Release|Any CPU = Release|Any CPU
	EndGlobalSection
	GlobalSection(ProjectConfigurationPlatforms) = postSolution
		{7F7462AB-DAC9-4364-9852-C6A4AFE00BDB}.Debug|Any CPU.ActiveCfg = Debug|Any CPU
		{7F7462AB-DAC9-4364-9852-C6A4AFE00BDB}.Debug|Any CPU.Build.0 = Debug|Any CPU
		{7F7462AB-DAC9-4364-9852-C6A4AFE00BDB}.Development|Any CPU.ActiveCfg = Debug|Any CPU
		{7F7462AB-DAC9-4364-9852-C6A4AFE00BDB}.Development|Any CPU.Build.0 = Debug|Any CPU
		{7F7462AB-DAC9-4364-9852-C6A4AFE00BDB}.Prod|Any CPU.ActiveCfg = Prod|Any CPU
		{7F7462AB-DAC9-4364-9852-C6A4AFE00BDB}.Prod|Any CPU.Build.0 = Prod|Any CPU
		{7F7462AB-DAC9-4364-9852-C6A4AFE00BDB}.QA|Any CPU.ActiveCfg = QA|Any CPU
		{7F7462AB-DAC9-4364-9852-C6A4AFE00BDB}.QA|Any CPU.Build.0 = QA|Any CPU
		{7F7462AB-DAC9-4364-9852-C6A4AFE00BDB}.Release|Any CPU.ActiveCfg = Release|Any CPU
		{7F7462AB-DAC9-4364-9852-C6A4AFE00BDB}.Release|Any CPU.Build.0 = Release|Any CPU
		{3633208C-8F3D-4482-B7E1-37D7E898694F}.Debug|Any CPU.ActiveCfg = Debug|Any CPU
		{3633208C-8F3D-4482-B7E1-37D7E898694F}.Debug|Any CPU.Build.0 = Debug|Any CPU
		{3633208C-8F3D-4482-B7E1-37D7E898694F}.Development|Any CPU.ActiveCfg = Debug|Any CPU
		{3633208C-8F3D-4482-B7E1-37D7E898694F}.Development|Any CPU.Build.0 = Debug|Any CPU
		{3633208C-8F3D-4482-B7E1-37D7E898694F}.Prod|Any CPU.ActiveCfg = Prod|Any CPU
		{3633208C-8F3D-4482-B7E1-37D7E898694F}.Prod|Any CPU.Build.0 = Prod|Any CPU
		{3633208C-8F3D-4482-B7E1-37D7E898694F}.QA|Any CPU.ActiveCfg = QA|Any CPU
		{3633208C-8F3D-4482-B7E1-37D7E898694F}.QA|Any CPU.Build.0 = QA|Any CPU
		{3633208C-8F3D-4482-B7E1-37D7E898694F}.Release|Any CPU.ActiveCfg = Release|Any CPU
		{3633208C-8F3D-4482-B7E1-37D7E898694F}.Release|Any CPU.Build.0 = Release|Any CPU
		{0EFF57AA-4C7D-4153-8CEA-BA2C8E79AFFC}.Debug|Any CPU.ActiveCfg = Debug|Any CPU
		{0EFF57AA-4C7D-4153-8CEA-BA2C8E79AFFC}.Debug|Any CPU.Build.0 = Debug|Any CPU
		{0EFF57AA-4C7D-4153-8CEA-BA2C8E79AFFC}.Development|Any CPU.ActiveCfg = Debug|Any CPU
		{0EFF57AA-4C7D-4153-8CEA-BA2C8E79AFFC}.Development|Any CPU.Build.0 = Debug|Any CPU
		{0EFF57AA-4C7D-4153-8CEA-BA2C8E79AFFC}.Prod|Any CPU.ActiveCfg = Prod|Any CPU
		{0EFF57AA-4C7D-4153-8CEA-BA2C8E79AFFC}.Prod|Any CPU.Build.0 = Prod|Any CPU
		{0EFF57AA-4C7D-4153-8CEA-BA2C8E79AFFC}.QA|Any CPU.ActiveCfg = QA|Any CPU
		{0EFF57AA-4C7D-4153-8CEA-BA2C8E79AFFC}.QA|Any CPU.Build.0 = QA|Any CPU
		{0EFF57AA-4C7D-4153-8CEA-BA2C8E79AFFC}.Release|Any CPU.ActiveCfg = Release|Any CPU
		{0EFF57AA-4C7D-4153-8CEA-BA2C8E79AFFC}.Release|Any CPU.Build.0 = Release|Any CPU
		{1712B1E9-AD22-4EF5-A8C9-0540CED95DC3}.Debug|Any CPU.ActiveCfg = Debug|Any CPU
		{1712B1E9-AD22-4EF5-A8C9-0540CED95DC3}.Debug|Any CPU.Build.0 = Debug|Any CPU
		{1712B1E9-AD22-4EF5-A8C9-0540CED95DC3}.Development|Any CPU.ActiveCfg = Debug|Any CPU
		{1712B1E9-AD22-4EF5-A8C9-0540CED95DC3}.Development|Any CPU.Build.0 = Debug|Any CPU
		{1712B1E9-AD22-4EF5-A8C9-0540CED95DC3}.Prod|Any CPU.ActiveCfg = Prod|Any CPU
		{1712B1E9-AD22-4EF5-A8C9-0540CED95DC3}.Prod|Any CPU.Build.0 = Prod|Any CPU
		{1712B1E9-AD22-4EF5-A8C9-0540CED95DC3}.QA|Any CPU.ActiveCfg = QA|Any CPU
		{1712B1E9-AD22-4EF5-A8C9-0540CED95DC3}.QA|Any CPU.Build.0 = QA|Any CPU
		{1712B1E9-AD22-4EF5-A8C9-0540CED95DC3}.Release|Any CPU.ActiveCfg = Release|Any CPU
		{1712B1E9-AD22-4EF5-A8C9-0540CED95DC3}.Release|Any CPU.Build.0 = Release|Any CPU
		{F62CA349-7519-4E83-A54C-96C0CC86525F}.Debug|Any CPU.ActiveCfg = Debug|Any CPU
		{F62CA349-7519-4E83-A54C-96C0CC86525F}.Debug|Any CPU.Build.0 = Debug|Any CPU
		{F62CA349-7519-4E83-A54C-96C0CC86525F}.Development|Any CPU.ActiveCfg = Debug|Any CPU
		{F62CA349-7519-4E83-A54C-96C0CC86525F}.Development|Any CPU.Build.0 = Debug|Any CPU
		{F62CA349-7519-4E83-A54C-96C0CC86525F}.Prod|Any CPU.ActiveCfg = Debug|Any CPU
		{F62CA349-7519-4E83-A54C-96C0CC86525F}.Prod|Any CPU.Build.0 = Debug|Any CPU
		{F62CA349-7519-4E83-A54C-96C0CC86525F}.QA|Any CPU.ActiveCfg = Debug|Any CPU
		{F62CA349-7519-4E83-A54C-96C0CC86525F}.QA|Any CPU.Build.0 = Debug|Any CPU
		{F62CA349-7519-4E83-A54C-96C0CC86525F}.Release|Any CPU.ActiveCfg = Release|Any CPU
		{F62CA349-7519-4E83-A54C-96C0CC86525F}.Release|Any CPU.Build.0 = Release|Any CPU
		{B366015E-A3AA-491B-A56F-6217E8FE8AB4}.Debug|Any CPU.ActiveCfg = Debug|Any CPU
		{B366015E-A3AA-491B-A56F-6217E8FE8AB4}.Debug|Any CPU.Build.0 = Debug|Any CPU
		{B366015E-A3AA-491B-A56F-6217E8FE8AB4}.Development|Any CPU.ActiveCfg = Debug|Any CPU
		{B366015E-A3AA-491B-A56F-6217E8FE8AB4}.Development|Any CPU.Build.0 = Debug|Any CPU
		{B366015E-A3AA-491B-A56F-6217E8FE8AB4}.Prod|Any CPU.ActiveCfg = Debug|Any CPU
		{B366015E-A3AA-491B-A56F-6217E8FE8AB4}.Prod|Any CPU.Build.0 = Debug|Any CPU
		{B366015E-A3AA-491B-A56F-6217E8FE8AB4}.QA|Any CPU.ActiveCfg = Debug|Any CPU
		{B366015E-A3AA-491B-A56F-6217E8FE8AB4}.QA|Any CPU.Build.0 = Debug|Any CPU
		{B366015E-A3AA-491B-A56F-6217E8FE8AB4}.Release|Any CPU.ActiveCfg = Release|Any CPU
		{B366015E-A3AA-491B-A56F-6217E8FE8AB4}.Release|Any CPU.Build.0 = Release|Any CPU
		{82A21367-71DA-4482-AC43-1BB482E26E78}.Debug|Any CPU.ActiveCfg = Debug|Any CPU
		{82A21367-71DA-4482-AC43-1BB482E26E78}.Debug|Any CPU.Build.0 = Debug|Any CPU
		{82A21367-71DA-4482-AC43-1BB482E26E78}.Development|Any CPU.ActiveCfg = Debug|Any CPU
		{82A21367-71DA-4482-AC43-1BB482E26E78}.Development|Any CPU.Build.0 = Debug|Any CPU
		{82A21367-71DA-4482-AC43-1BB482E26E78}.Prod|Any CPU.ActiveCfg = Debug|Any CPU
		{82A21367-71DA-4482-AC43-1BB482E26E78}.Prod|Any CPU.Build.0 = Debug|Any CPU
		{82A21367-71DA-4482-AC43-1BB482E26E78}.QA|Any CPU.ActiveCfg = Debug|Any CPU
		{82A21367-71DA-4482-AC43-1BB482E26E78}.QA|Any CPU.Build.0 = Debug|Any CPU
		{82A21367-71DA-4482-AC43-1BB482E26E78}.Release|Any CPU.ActiveCfg = Release|Any CPU
		{82A21367-71DA-4482-AC43-1BB482E26E78}.Release|Any CPU.Build.0 = Release|Any CPU
		{A8D9C40E-CF26-4085-B1B9-1E61304CEC40}.Debug|Any CPU.ActiveCfg = Debug|Any CPU
		{A8D9C40E-CF26-4085-B1B9-1E61304CEC40}.Debug|Any CPU.Build.0 = Debug|Any CPU
		{A8D9C40E-CF26-4085-B1B9-1E61304CEC40}.Development|Any CPU.ActiveCfg = Debug|Any CPU
		{A8D9C40E-CF26-4085-B1B9-1E61304CEC40}.Development|Any CPU.Build.0 = Debug|Any CPU
		{A8D9C40E-CF26-4085-B1B9-1E61304CEC40}.Prod|Any CPU.ActiveCfg = Release|Any CPU
		{A8D9C40E-CF26-4085-B1B9-1E61304CEC40}.Prod|Any CPU.Build.0 = Release|Any CPU
		{A8D9C40E-CF26-4085-B1B9-1E61304CEC40}.QA|Any CPU.ActiveCfg = Release|Any CPU
		{A8D9C40E-CF26-4085-B1B9-1E61304CEC40}.QA|Any CPU.Build.0 = Release|Any CPU
		{A8D9C40E-CF26-4085-B1B9-1E61304CEC40}.Release|Any CPU.ActiveCfg = Release|Any CPU
		{A8D9C40E-CF26-4085-B1B9-1E61304CEC40}.Release|Any CPU.Build.0 = Release|Any CPU
		{1DA19BBF-64D9-4D31-9563-C62DDE8871AE}.Debug|Any CPU.ActiveCfg = Debug|Any CPU
		{1DA19BBF-64D9-4D31-9563-C62DDE8871AE}.Debug|Any CPU.Build.0 = Debug|Any CPU
		{1DA19BBF-64D9-4D31-9563-C62DDE8871AE}.Development|Any CPU.ActiveCfg = Debug|Any CPU
		{1DA19BBF-64D9-4D31-9563-C62DDE8871AE}.Development|Any CPU.Build.0 = Debug|Any CPU
		{1DA19BBF-64D9-4D31-9563-C62DDE8871AE}.Prod|Any CPU.ActiveCfg = Debug|Any CPU
		{1DA19BBF-64D9-4D31-9563-C62DDE8871AE}.Prod|Any CPU.Build.0 = Debug|Any CPU
		{1DA19BBF-64D9-4D31-9563-C62DDE8871AE}.QA|Any CPU.ActiveCfg = Debug|Any CPU
		{1DA19BBF-64D9-4D31-9563-C62DDE8871AE}.QA|Any CPU.Build.0 = Debug|Any CPU
		{1DA19BBF-64D9-4D31-9563-C62DDE8871AE}.Release|Any CPU.ActiveCfg = Release|Any CPU
		{1DA19BBF-64D9-4D31-9563-C62DDE8871AE}.Release|Any CPU.Build.0 = Release|Any CPU
		{E3671825-CFB7-47DE-8DAF-33C3B8E98F07}.Debug|Any CPU.ActiveCfg = Debug|Any CPU
		{E3671825-CFB7-47DE-8DAF-33C3B8E98F07}.Debug|Any CPU.Build.0 = Debug|Any CPU
		{E3671825-CFB7-47DE-8DAF-33C3B8E98F07}.Development|Any CPU.ActiveCfg = Debug|Any CPU
		{E3671825-CFB7-47DE-8DAF-33C3B8E98F07}.Development|Any CPU.Build.0 = Debug|Any CPU
		{E3671825-CFB7-47DE-8DAF-33C3B8E98F07}.Prod|Any CPU.ActiveCfg = Debug|Any CPU
		{E3671825-CFB7-47DE-8DAF-33C3B8E98F07}.Prod|Any CPU.Build.0 = Debug|Any CPU
		{E3671825-CFB7-47DE-8DAF-33C3B8E98F07}.QA|Any CPU.ActiveCfg = Debug|Any CPU
		{E3671825-CFB7-47DE-8DAF-33C3B8E98F07}.QA|Any CPU.Build.0 = Debug|Any CPU
		{E3671825-CFB7-47DE-8DAF-33C3B8E98F07}.Release|Any CPU.ActiveCfg = Release|Any CPU
		{E3671825-CFB7-47DE-8DAF-33C3B8E98F07}.Release|Any CPU.Build.0 = Release|Any CPU
		{34B0D7C8-C590-4FEF-B5A6-5D69BA17C7CF}.Debug|Any CPU.ActiveCfg = Debug|Any CPU
		{34B0D7C8-C590-4FEF-B5A6-5D69BA17C7CF}.Debug|Any CPU.Build.0 = Debug|Any CPU
		{34B0D7C8-C590-4FEF-B5A6-5D69BA17C7CF}.Development|Any CPU.ActiveCfg = Debug|Any CPU
		{34B0D7C8-C590-4FEF-B5A6-5D69BA17C7CF}.Development|Any CPU.Build.0 = Debug|Any CPU
		{34B0D7C8-C590-4FEF-B5A6-5D69BA17C7CF}.Prod|Any CPU.ActiveCfg = Debug|Any CPU
		{34B0D7C8-C590-4FEF-B5A6-5D69BA17C7CF}.Prod|Any CPU.Build.0 = Debug|Any CPU
		{34B0D7C8-C590-4FEF-B5A6-5D69BA17C7CF}.QA|Any CPU.ActiveCfg = Debug|Any CPU
		{34B0D7C8-C590-4FEF-B5A6-5D69BA17C7CF}.QA|Any CPU.Build.0 = Debug|Any CPU
		{34B0D7C8-C590-4FEF-B5A6-5D69BA17C7CF}.Release|Any CPU.ActiveCfg = Release|Any CPU
		{34B0D7C8-C590-4FEF-B5A6-5D69BA17C7CF}.Release|Any CPU.Build.0 = Release|Any CPU
		{72591D94-20C2-4951-94A2-C709AFB4564C}.Debug|Any CPU.ActiveCfg = Debug|Any CPU
		{72591D94-20C2-4951-94A2-C709AFB4564C}.Debug|Any CPU.Build.0 = Debug|Any CPU
		{72591D94-20C2-4951-94A2-C709AFB4564C}.Development|Any CPU.ActiveCfg = Debug|Any CPU
		{72591D94-20C2-4951-94A2-C709AFB4564C}.Development|Any CPU.Build.0 = Debug|Any CPU
		{72591D94-20C2-4951-94A2-C709AFB4564C}.Prod|Any CPU.ActiveCfg = Debug|Any CPU
		{72591D94-20C2-4951-94A2-C709AFB4564C}.Prod|Any CPU.Build.0 = Debug|Any CPU
		{72591D94-20C2-4951-94A2-C709AFB4564C}.QA|Any CPU.ActiveCfg = Debug|Any CPU
		{72591D94-20C2-4951-94A2-C709AFB4564C}.QA|Any CPU.Build.0 = Debug|Any CPU
		{72591D94-20C2-4951-94A2-C709AFB4564C}.Release|Any CPU.ActiveCfg = Release|Any CPU
		{72591D94-20C2-4951-94A2-C709AFB4564C}.Release|Any CPU.Build.0 = Release|Any CPU
		{01D10AAC-8D23-4B39-AF39-6AE24A82614C}.Debug|Any CPU.ActiveCfg = Debug|Any CPU
		{01D10AAC-8D23-4B39-AF39-6AE24A82614C}.Debug|Any CPU.Build.0 = Debug|Any CPU
		{01D10AAC-8D23-4B39-AF39-6AE24A82614C}.Development|Any CPU.ActiveCfg = Debug|Any CPU
		{01D10AAC-8D23-4B39-AF39-6AE24A82614C}.Development|Any CPU.Build.0 = Debug|Any CPU
		{01D10AAC-8D23-4B39-AF39-6AE24A82614C}.Prod|Any CPU.ActiveCfg = Debug|Any CPU
		{01D10AAC-8D23-4B39-AF39-6AE24A82614C}.Prod|Any CPU.Build.0 = Debug|Any CPU
		{01D10AAC-8D23-4B39-AF39-6AE24A82614C}.QA|Any CPU.ActiveCfg = Debug|Any CPU
		{01D10AAC-8D23-4B39-AF39-6AE24A82614C}.QA|Any CPU.Build.0 = Debug|Any CPU
		{01D10AAC-8D23-4B39-AF39-6AE24A82614C}.Release|Any CPU.ActiveCfg = Release|Any CPU
		{01D10AAC-8D23-4B39-AF39-6AE24A82614C}.Release|Any CPU.Build.0 = Release|Any CPU
		{F77E79F8-AF34-4FF5-A8C6-882AD6244B9A}.Debug|Any CPU.ActiveCfg = Debug|Any CPU
		{F77E79F8-AF34-4FF5-A8C6-882AD6244B9A}.Debug|Any CPU.Build.0 = Debug|Any CPU
		{F77E79F8-AF34-4FF5-A8C6-882AD6244B9A}.Development|Any CPU.ActiveCfg = Debug|Any CPU
		{F77E79F8-AF34-4FF5-A8C6-882AD6244B9A}.Development|Any CPU.Build.0 = Debug|Any CPU
		{F77E79F8-AF34-4FF5-A8C6-882AD6244B9A}.Prod|Any CPU.ActiveCfg = Debug|Any CPU
		{F77E79F8-AF34-4FF5-A8C6-882AD6244B9A}.Prod|Any CPU.Build.0 = Debug|Any CPU
		{F77E79F8-AF34-4FF5-A8C6-882AD6244B9A}.QA|Any CPU.ActiveCfg = Debug|Any CPU
		{F77E79F8-AF34-4FF5-A8C6-882AD6244B9A}.QA|Any CPU.Build.0 = Debug|Any CPU
		{F77E79F8-AF34-4FF5-A8C6-882AD6244B9A}.Release|Any CPU.ActiveCfg = Release|Any CPU
		{F77E79F8-AF34-4FF5-A8C6-882AD6244B9A}.Release|Any CPU.Build.0 = Release|Any CPU
		{4A680EBA-3C5A-40C2-A328-D4D5BBB6BAB0}.Debug|Any CPU.ActiveCfg = Debug|Any CPU
		{4A680EBA-3C5A-40C2-A328-D4D5BBB6BAB0}.Debug|Any CPU.Build.0 = Debug|Any CPU
		{4A680EBA-3C5A-40C2-A328-D4D5BBB6BAB0}.Development|Any CPU.ActiveCfg = Debug|Any CPU
		{4A680EBA-3C5A-40C2-A328-D4D5BBB6BAB0}.Development|Any CPU.Build.0 = Debug|Any CPU
		{4A680EBA-3C5A-40C2-A328-D4D5BBB6BAB0}.Prod|Any CPU.ActiveCfg = Debug|Any CPU
		{4A680EBA-3C5A-40C2-A328-D4D5BBB6BAB0}.Prod|Any CPU.Build.0 = Debug|Any CPU
		{4A680EBA-3C5A-40C2-A328-D4D5BBB6BAB0}.QA|Any CPU.ActiveCfg = Debug|Any CPU
		{4A680EBA-3C5A-40C2-A328-D4D5BBB6BAB0}.QA|Any CPU.Build.0 = Debug|Any CPU
		{4A680EBA-3C5A-40C2-A328-D4D5BBB6BAB0}.Release|Any CPU.ActiveCfg = Release|Any CPU
		{4A680EBA-3C5A-40C2-A328-D4D5BBB6BAB0}.Release|Any CPU.Build.0 = Release|Any CPU
		{F708FB7E-BE7D-46D2-8CF6-C0BA6CC50E3D}.Debug|Any CPU.ActiveCfg = Debug|Any CPU
		{F708FB7E-BE7D-46D2-8CF6-C0BA6CC50E3D}.Debug|Any CPU.Build.0 = Debug|Any CPU
		{F708FB7E-BE7D-46D2-8CF6-C0BA6CC50E3D}.Development|Any CPU.ActiveCfg = Debug|Any CPU
		{F708FB7E-BE7D-46D2-8CF6-C0BA6CC50E3D}.Development|Any CPU.Build.0 = Debug|Any CPU
		{F708FB7E-BE7D-46D2-8CF6-C0BA6CC50E3D}.Prod|Any CPU.ActiveCfg = Debug|Any CPU
		{F708FB7E-BE7D-46D2-8CF6-C0BA6CC50E3D}.Prod|Any CPU.Build.0 = Debug|Any CPU
		{F708FB7E-BE7D-46D2-8CF6-C0BA6CC50E3D}.QA|Any CPU.ActiveCfg = Debug|Any CPU
		{F708FB7E-BE7D-46D2-8CF6-C0BA6CC50E3D}.QA|Any CPU.Build.0 = Debug|Any CPU
		{F708FB7E-BE7D-46D2-8CF6-C0BA6CC50E3D}.Release|Any CPU.ActiveCfg = Release|Any CPU
		{F708FB7E-BE7D-46D2-8CF6-C0BA6CC50E3D}.Release|Any CPU.Build.0 = Release|Any CPU
		{3D1AE956-87AB-494A-B32D-C2843B53EE7F}.Debug|Any CPU.ActiveCfg = Debug|Any CPU
		{3D1AE956-87AB-494A-B32D-C2843B53EE7F}.Debug|Any CPU.Build.0 = Debug|Any CPU
		{3D1AE956-87AB-494A-B32D-C2843B53EE7F}.Development|Any CPU.ActiveCfg = Debug|Any CPU
		{3D1AE956-87AB-494A-B32D-C2843B53EE7F}.Development|Any CPU.Build.0 = Debug|Any CPU
		{3D1AE956-87AB-494A-B32D-C2843B53EE7F}.Prod|Any CPU.ActiveCfg = Debug|Any CPU
		{3D1AE956-87AB-494A-B32D-C2843B53EE7F}.Prod|Any CPU.Build.0 = Debug|Any CPU
		{3D1AE956-87AB-494A-B32D-C2843B53EE7F}.QA|Any CPU.ActiveCfg = Debug|Any CPU
		{3D1AE956-87AB-494A-B32D-C2843B53EE7F}.QA|Any CPU.Build.0 = Debug|Any CPU
		{3D1AE956-87AB-494A-B32D-C2843B53EE7F}.Release|Any CPU.ActiveCfg = Release|Any CPU
		{3D1AE956-87AB-494A-B32D-C2843B53EE7F}.Release|Any CPU.Build.0 = Release|Any CPU
		{91E03FBD-5E88-44D5-9D2D-9DD9943B4997}.Debug|Any CPU.ActiveCfg = Debug|Any CPU
		{91E03FBD-5E88-44D5-9D2D-9DD9943B4997}.Debug|Any CPU.Build.0 = Debug|Any CPU
		{91E03FBD-5E88-44D5-9D2D-9DD9943B4997}.Development|Any CPU.ActiveCfg = Debug|Any CPU
		{91E03FBD-5E88-44D5-9D2D-9DD9943B4997}.Development|Any CPU.Build.0 = Debug|Any CPU
		{91E03FBD-5E88-44D5-9D2D-9DD9943B4997}.Prod|Any CPU.ActiveCfg = Debug|Any CPU
		{91E03FBD-5E88-44D5-9D2D-9DD9943B4997}.Prod|Any CPU.Build.0 = Debug|Any CPU
		{91E03FBD-5E88-44D5-9D2D-9DD9943B4997}.QA|Any CPU.ActiveCfg = Debug|Any CPU
		{91E03FBD-5E88-44D5-9D2D-9DD9943B4997}.QA|Any CPU.Build.0 = Debug|Any CPU
		{91E03FBD-5E88-44D5-9D2D-9DD9943B4997}.Release|Any CPU.ActiveCfg = Release|Any CPU
		{91E03FBD-5E88-44D5-9D2D-9DD9943B4997}.Release|Any CPU.Build.0 = Release|Any CPU
		{59D6F875-169F-4A55-B4B5-5D1ED6D59385}.Debug|Any CPU.ActiveCfg = Debug|Any CPU
		{59D6F875-169F-4A55-B4B5-5D1ED6D59385}.Debug|Any CPU.Build.0 = Debug|Any CPU
		{59D6F875-169F-4A55-B4B5-5D1ED6D59385}.Development|Any CPU.ActiveCfg = Debug|Any CPU
		{59D6F875-169F-4A55-B4B5-5D1ED6D59385}.Development|Any CPU.Build.0 = Debug|Any CPU
		{59D6F875-169F-4A55-B4B5-5D1ED6D59385}.Prod|Any CPU.ActiveCfg = Debug|Any CPU
		{59D6F875-169F-4A55-B4B5-5D1ED6D59385}.Prod|Any CPU.Build.0 = Debug|Any CPU
		{59D6F875-169F-4A55-B4B5-5D1ED6D59385}.QA|Any CPU.ActiveCfg = Debug|Any CPU
		{59D6F875-169F-4A55-B4B5-5D1ED6D59385}.QA|Any CPU.Build.0 = Debug|Any CPU
		{59D6F875-169F-4A55-B4B5-5D1ED6D59385}.Release|Any CPU.ActiveCfg = Release|Any CPU
		{59D6F875-169F-4A55-B4B5-5D1ED6D59385}.Release|Any CPU.Build.0 = Release|Any CPU
		{B5D40D10-443A-407D-BF54-DADBCF7D430C}.Debug|Any CPU.ActiveCfg = Debug|Any CPU
		{B5D40D10-443A-407D-BF54-DADBCF7D430C}.Debug|Any CPU.Build.0 = Debug|Any CPU
		{B5D40D10-443A-407D-BF54-DADBCF7D430C}.Development|Any CPU.ActiveCfg = Debug|Any CPU
		{B5D40D10-443A-407D-BF54-DADBCF7D430C}.Development|Any CPU.Build.0 = Debug|Any CPU
		{B5D40D10-443A-407D-BF54-DADBCF7D430C}.Prod|Any CPU.ActiveCfg = Debug|Any CPU
		{B5D40D10-443A-407D-BF54-DADBCF7D430C}.Prod|Any CPU.Build.0 = Debug|Any CPU
		{B5D40D10-443A-407D-BF54-DADBCF7D430C}.QA|Any CPU.ActiveCfg = Debug|Any CPU
		{B5D40D10-443A-407D-BF54-DADBCF7D430C}.QA|Any CPU.Build.0 = Debug|Any CPU
		{B5D40D10-443A-407D-BF54-DADBCF7D430C}.Release|Any CPU.ActiveCfg = Release|Any CPU
		{B5D40D10-443A-407D-BF54-DADBCF7D430C}.Release|Any CPU.Build.0 = Release|Any CPU
		{5A6542E5-3FD9-45AB-A55E-F851D382EBCE}.Debug|Any CPU.ActiveCfg = Debug|Any CPU
		{5A6542E5-3FD9-45AB-A55E-F851D382EBCE}.Debug|Any CPU.Build.0 = Debug|Any CPU
		{5A6542E5-3FD9-45AB-A55E-F851D382EBCE}.Development|Any CPU.ActiveCfg = Debug|Any CPU
		{5A6542E5-3FD9-45AB-A55E-F851D382EBCE}.Development|Any CPU.Build.0 = Debug|Any CPU
		{5A6542E5-3FD9-45AB-A55E-F851D382EBCE}.Prod|Any CPU.ActiveCfg = Debug|Any CPU
		{5A6542E5-3FD9-45AB-A55E-F851D382EBCE}.Prod|Any CPU.Build.0 = Debug|Any CPU
		{5A6542E5-3FD9-45AB-A55E-F851D382EBCE}.QA|Any CPU.ActiveCfg = Debug|Any CPU
		{5A6542E5-3FD9-45AB-A55E-F851D382EBCE}.QA|Any CPU.Build.0 = Debug|Any CPU
		{5A6542E5-3FD9-45AB-A55E-F851D382EBCE}.Release|Any CPU.ActiveCfg = Release|Any CPU
		{5A6542E5-3FD9-45AB-A55E-F851D382EBCE}.Release|Any CPU.Build.0 = Release|Any CPU
		{753E5055-C318-419F-BD95-DD92317FC0BB}.Debug|Any CPU.ActiveCfg = Debug|Any CPU
		{753E5055-C318-419F-BD95-DD92317FC0BB}.Debug|Any CPU.Build.0 = Debug|Any CPU
		{753E5055-C318-419F-BD95-DD92317FC0BB}.Development|Any CPU.ActiveCfg = Debug|Any CPU
		{753E5055-C318-419F-BD95-DD92317FC0BB}.Development|Any CPU.Build.0 = Debug|Any CPU
		{753E5055-C318-419F-BD95-DD92317FC0BB}.Prod|Any CPU.ActiveCfg = Debug|Any CPU
		{753E5055-C318-419F-BD95-DD92317FC0BB}.Prod|Any CPU.Build.0 = Debug|Any CPU
		{753E5055-C318-419F-BD95-DD92317FC0BB}.QA|Any CPU.ActiveCfg = Debug|Any CPU
		{753E5055-C318-419F-BD95-DD92317FC0BB}.QA|Any CPU.Build.0 = Debug|Any CPU
		{753E5055-C318-419F-BD95-DD92317FC0BB}.Release|Any CPU.ActiveCfg = Release|Any CPU
		{753E5055-C318-419F-BD95-DD92317FC0BB}.Release|Any CPU.Build.0 = Release|Any CPU
		{BC28D735-61C5-47A3-949D-DBDB6310A1D6}.Debug|Any CPU.ActiveCfg = Debug|Any CPU
		{BC28D735-61C5-47A3-949D-DBDB6310A1D6}.Debug|Any CPU.Build.0 = Debug|Any CPU
		{BC28D735-61C5-47A3-949D-DBDB6310A1D6}.Development|Any CPU.ActiveCfg = Debug|Any CPU
		{BC28D735-61C5-47A3-949D-DBDB6310A1D6}.Development|Any CPU.Build.0 = Debug|Any CPU
		{BC28D735-61C5-47A3-949D-DBDB6310A1D6}.Prod|Any CPU.ActiveCfg = Debug|Any CPU
		{BC28D735-61C5-47A3-949D-DBDB6310A1D6}.Prod|Any CPU.Build.0 = Debug|Any CPU
		{BC28D735-61C5-47A3-949D-DBDB6310A1D6}.QA|Any CPU.ActiveCfg = Debug|Any CPU
		{BC28D735-61C5-47A3-949D-DBDB6310A1D6}.QA|Any CPU.Build.0 = Debug|Any CPU
		{BC28D735-61C5-47A3-949D-DBDB6310A1D6}.Release|Any CPU.ActiveCfg = Release|Any CPU
		{BC28D735-61C5-47A3-949D-DBDB6310A1D6}.Release|Any CPU.Build.0 = Release|Any CPU
	EndGlobalSection
	GlobalSection(SolutionProperties) = preSolution
		HideSolutionNode = FALSE
	EndGlobalSection
	GlobalSection(NestedProjects) = preSolution
		{7F7462AB-DAC9-4364-9852-C6A4AFE00BDB} = {AC160241-C0C5-4D7E-8E4B-A4BEDCB1D039}
		{3633208C-8F3D-4482-B7E1-37D7E898694F} = {AC160241-C0C5-4D7E-8E4B-A4BEDCB1D039}
		{0EFF57AA-4C7D-4153-8CEA-BA2C8E79AFFC} = {FFDFF55D-7F19-4F6B-9EB3-CBB84E3C1390}
		{1712B1E9-AD22-4EF5-A8C9-0540CED95DC3} = {FFDFF55D-7F19-4F6B-9EB3-CBB84E3C1390}
		{FFDFF55D-7F19-4F6B-9EB3-CBB84E3C1390} = {97D84D59-7D02-4CD9-BE5B-A3445E3C4BEC}
		{FA887AF0-62B9-42B4-9732-A757A987C948} = {97D84D59-7D02-4CD9-BE5B-A3445E3C4BEC}
		{F62CA349-7519-4E83-A54C-96C0CC86525F} = {FA887AF0-62B9-42B4-9732-A757A987C948}
		{B366015E-A3AA-491B-A56F-6217E8FE8AB4} = {FA887AF0-62B9-42B4-9732-A757A987C948}
		{82A21367-71DA-4482-AC43-1BB482E26E78} = {B8617FEF-46DE-4971-BBC4-7D1390FB12E8}
		{4CA28DED-4821-473B-9D71-765C5C46E384} = {97D84D59-7D02-4CD9-BE5B-A3445E3C4BEC}
		{A8D9C40E-CF26-4085-B1B9-1E61304CEC40} = {4CA28DED-4821-473B-9D71-765C5C46E384}
		{1DA19BBF-64D9-4D31-9563-C62DDE8871AE} = {4CA28DED-4821-473B-9D71-765C5C46E384}
		{E3671825-CFB7-47DE-8DAF-33C3B8E98F07} = {4CA28DED-4821-473B-9D71-765C5C46E384}
		{34B0D7C8-C590-4FEF-B5A6-5D69BA17C7CF} = {2C887A36-C61E-41F6-846A-92C4A0BA1790}
		{72591D94-20C2-4951-94A2-C709AFB4564C} = {B8617FEF-46DE-4971-BBC4-7D1390FB12E8}
		{01D10AAC-8D23-4B39-AF39-6AE24A82614C} = {4CA28DED-4821-473B-9D71-765C5C46E384}
		{F77E79F8-AF34-4FF5-A8C6-882AD6244B9A} = {2C887A36-C61E-41F6-846A-92C4A0BA1790}
		{4A680EBA-3C5A-40C2-A328-D4D5BBB6BAB0} = {2C887A36-C61E-41F6-846A-92C4A0BA1790}
		{F708FB7E-BE7D-46D2-8CF6-C0BA6CC50E3D} = {2C887A36-C61E-41F6-846A-92C4A0BA1790}
		{3D1AE956-87AB-494A-B32D-C2843B53EE7F} = {AC160241-C0C5-4D7E-8E4B-A4BEDCB1D039}
		{91E03FBD-5E88-44D5-9D2D-9DD9943B4997} = {B011F062-91CC-4C7D-B34F-3651EF6DAF72}
		{59D6F875-169F-4A55-B4B5-5D1ED6D59385} = {B8617FEF-46DE-4971-BBC4-7D1390FB12E8}
		{B5D40D10-443A-407D-BF54-DADBCF7D430C} = {2C887A36-C61E-41F6-846A-92C4A0BA1790}
		{5A6542E5-3FD9-45AB-A55E-F851D382EBCE} = {AC160241-C0C5-4D7E-8E4B-A4BEDCB1D039}
		{753E5055-C318-419F-BD95-DD92317FC0BB} = {97D84D59-7D02-4CD9-BE5B-A3445E3C4BEC}
		{BC28D735-61C5-47A3-949D-DBDB6310A1D6} = {4CA28DED-4821-473B-9D71-765C5C46E384}
	EndGlobalSection
	GlobalSection(ExtensibilityGlobals) = postSolution
		SolutionGuid = {26B071A6-FCA6-49C2-AFAC-46EA6DF6003F}
	EndGlobalSection
EndGlobal
