
Microsoft Visual Studio Solution File, Format Version 12.00
# Visual Studio Version 16
VisualStudioVersion = 16.0.29509.3
MinimumVisualStudioVersion = 10.0.40219.1
Project("{9A19103F-16F7-4668-BE54-9A1E7A4F7556}") = "FL.WebAPI.Core.Users", "FL.WebAPI.Core.Users\FL.WebAPI.Core.Users.csproj", "{7F7462AB-DAC9-4364-9852-C6A4AFE00BDB}"
EndProject
Project("{2150E333-8FDC-42A3-9474-1A3956D46DE8}") = "Users", "Users", "{AC160241-C0C5-4D7E-8E4B-A4BEDCB1D039}"
EndProject
Project("{9A19103F-16F7-4668-BE54-9A1E7A4F7556}") = "FL.User.EF.Migration", "FL.User.EF.Migration\FL.User.EF.Migration.csproj", "{3633208C-8F3D-4482-B7E1-37D7E898694F}"
EndProject
Project("{2150E333-8FDC-42A3-9474-1A3956D46DE8}") = "Items", "Items", "{B8617FEF-46DE-4971-BBC4-7D1390FB12E8}"
EndProject
Project("{2150E333-8FDC-42A3-9474-1A3956D46DE8}") = "Framework", "Framework", "{97D84D59-7D02-4CD9-BE5B-A3445E3C4BEC}"
EndProject
Project("{9A19103F-16F7-4668-BE54-9A1E7A4F7556}") = "FL.Logging.Implementation.Standard", "..\Framework\FL.Logging.Implementation.Standard\FL.Logging.Implementation.Standard.csproj", "{0EFF57AA-4C7D-4153-8CEA-BA2C8E79AFFC}"
EndProject
Project("{9A19103F-16F7-4668-BE54-9A1E7A4F7556}") = "FL.LogTrace.Contracts.Standard", "..\Framework\FL.LogTrace.Contracts.Standard\FL.LogTrace.Contracts.Standard.csproj", "{1712B1E9-AD22-4EF5-A8C9-0540CED95DC3}"
EndProject
Project("{2150E333-8FDC-42A3-9474-1A3956D46DE8}") = "Logger", "Logger", "{FFDFF55D-7F19-4F6B-9EB3-CBB84E3C1390}"
EndProject
Global
	GlobalSection(SolutionConfigurationPlatforms) = preSolution
		Development|Any CPU = Development|Any CPU
		Prod|Any CPU = Prod|Any CPU
		QA|Any CPU = QA|Any CPU
	EndGlobalSection
	GlobalSection(ProjectConfigurationPlatforms) = postSolution
		{7F7462AB-DAC9-4364-9852-C6A4AFE00BDB}.Development|Any CPU.ActiveCfg = Debug|Any CPU
		{7F7462AB-DAC9-4364-9852-C6A4AFE00BDB}.Development|Any CPU.Build.0 = Debug|Any CPU
		{7F7462AB-DAC9-4364-9852-C6A4AFE00BDB}.Prod|Any CPU.ActiveCfg = Prod|Any CPU
		{7F7462AB-DAC9-4364-9852-C6A4AFE00BDB}.Prod|Any CPU.Build.0 = Prod|Any CPU
		{7F7462AB-DAC9-4364-9852-C6A4AFE00BDB}.QA|Any CPU.ActiveCfg = QA|Any CPU
		{7F7462AB-DAC9-4364-9852-C6A4AFE00BDB}.QA|Any CPU.Build.0 = QA|Any CPU
		{3633208C-8F3D-4482-B7E1-37D7E898694F}.Development|Any CPU.ActiveCfg = Debug|Any CPU
		{3633208C-8F3D-4482-B7E1-37D7E898694F}.Development|Any CPU.Build.0 = Debug|Any CPU
		{3633208C-8F3D-4482-B7E1-37D7E898694F}.Prod|Any CPU.ActiveCfg = Prod|Any CPU
		{3633208C-8F3D-4482-B7E1-37D7E898694F}.Prod|Any CPU.Build.0 = Prod|Any CPU
		{3633208C-8F3D-4482-B7E1-37D7E898694F}.QA|Any CPU.ActiveCfg = QA|Any CPU
		{3633208C-8F3D-4482-B7E1-37D7E898694F}.QA|Any CPU.Build.0 = QA|Any CPU
		{0EFF57AA-4C7D-4153-8CEA-BA2C8E79AFFC}.Development|Any CPU.ActiveCfg = Debug|Any CPU
		{0EFF57AA-4C7D-4153-8CEA-BA2C8E79AFFC}.Development|Any CPU.Build.0 = Debug|Any CPU
		{0EFF57AA-4C7D-4153-8CEA-BA2C8E79AFFC}.Prod|Any CPU.ActiveCfg = Prod|Any CPU
		{0EFF57AA-4C7D-4153-8CEA-BA2C8E79AFFC}.Prod|Any CPU.Build.0 = Prod|Any CPU
		{0EFF57AA-4C7D-4153-8CEA-BA2C8E79AFFC}.QA|Any CPU.ActiveCfg = QA|Any CPU
		{0EFF57AA-4C7D-4153-8CEA-BA2C8E79AFFC}.QA|Any CPU.Build.0 = QA|Any CPU
		{1712B1E9-AD22-4EF5-A8C9-0540CED95DC3}.Development|Any CPU.ActiveCfg = Debug|Any CPU
		{1712B1E9-AD22-4EF5-A8C9-0540CED95DC3}.Development|Any CPU.Build.0 = Debug|Any CPU
		{1712B1E9-AD22-4EF5-A8C9-0540CED95DC3}.Prod|Any CPU.ActiveCfg = Prod|Any CPU
		{1712B1E9-AD22-4EF5-A8C9-0540CED95DC3}.Prod|Any CPU.Build.0 = Prod|Any CPU
		{1712B1E9-AD22-4EF5-A8C9-0540CED95DC3}.QA|Any CPU.ActiveCfg = QA|Any CPU
		{1712B1E9-AD22-4EF5-A8C9-0540CED95DC3}.QA|Any CPU.Build.0 = QA|Any CPU
	EndGlobalSection
	GlobalSection(SolutionProperties) = preSolution
		HideSolutionNode = FALSE
	EndGlobalSection
	GlobalSection(NestedProjects) = preSolution
		{7F7462AB-DAC9-4364-9852-C6A4AFE00BDB} = {AC160241-C0C5-4D7E-8E4B-A4BEDCB1D039}
		{3633208C-8F3D-4482-B7E1-37D7E898694F} = {AC160241-C0C5-4D7E-8E4B-A4BEDCB1D039}
		{0EFF57AA-4C7D-4153-8CEA-BA2C8E79AFFC} = {FFDFF55D-7F19-4F6B-9EB3-CBB84E3C1390}
		{1712B1E9-AD22-4EF5-A8C9-0540CED95DC3} = {FFDFF55D-7F19-4F6B-9EB3-CBB84E3C1390}
		{FFDFF55D-7F19-4F6B-9EB3-CBB84E3C1390} = {97D84D59-7D02-4CD9-BE5B-A3445E3C4BEC}
	EndGlobalSection
	GlobalSection(ExtensibilityGlobals) = postSolution
		SolutionGuid = {26B071A6-FCA6-49C2-AFAC-46EA6DF6003F}
	EndGlobalSection
EndGlobal
